// !$*UTF8*$!
{
	archiveVersion = 1;
	classes = {
	};
	objectVersion = 46;
	objects = {

/* Begin PBXBuildFile section */
		1B58F0428FBD233946BFE5C6 /* libPods-pick_helper.a in Frameworks */ = {isa = PBXBuildFile; fileRef = 836F33F8321D1C1750564C35 /* libPods-pick_helper.a */; };
		8F11FEF91E00FC660016E563 /* PickerNetManager.m in Sources */ = {isa = PBXBuildFile; fileRef = 8F11FEF81E00FC660016E563 /* PickerNetManager.m */; };
		8F180CF61E01BBC90067E28E /* WaitingViewController.m in Sources */ = {isa = PBXBuildFile; fileRef = 8F180CF51E01BBC90067E28E /* WaitingViewController.m */; };
		8F180CF91E01C5A80067E28E /* GifView.m in Sources */ = {isa = PBXBuildFile; fileRef = 8F180CF81E01C5A80067E28E /* GifView.m */; settings = {COMPILER_FLAGS = "-fno-objc-arc"; }; };
		8F2CA18A1E00B5E800782BEF /* LoginViewController.m in Sources */ = {isa = PBXBuildFile; fileRef = 8F2CA1891E00B5E800782BEF /* LoginViewController.m */; };
		8F526F1C1E009F1000AB2350 /* add_sel@2x.png in Resources */ = {isa = PBXBuildFile; fileRef = 8F526F031E009F1000AB2350 /* add_sel@2x.png */; };
		8F526F1D1E009F1000AB2350 /* lose_sel@2x.png in Resources */ = {isa = PBXBuildFile; fileRef = 8F526F041E009F1000AB2350 /* lose_sel@2x.png */; };
		8F526F1E1E009F1000AB2350 /* @2x_19.png in Resources */ = {isa = PBXBuildFile; fileRef = 8F526F051E009F1000AB2350 /* @2x_19.png */; };
		8F526F1F1E009F1000AB2350 /* add_btn@2x.png in Resources */ = {isa = PBXBuildFile; fileRef = 8F526F061E009F1000AB2350 /* add_btn@2x.png */; };
		8F526F201E009F1000AB2350 /* animation_img.gif in Resources */ = {isa = PBXBuildFile; fileRef = 8F526F071E009F1000AB2350 /* animation_img.gif */; };
		8F526F211E009F1000AB2350 /* duigou@2x.png in Resources */ = {isa = PBXBuildFile; fileRef = 8F526F081E009F1000AB2350 /* duigou@2x.png */; };
		8F526F221E009F1000AB2350 /* finished_logo@2x.png in Resources */ = {isa = PBXBuildFile; fileRef = 8F526F091E009F1000AB2350 /* finished_logo@2x.png */; };
		8F526F231E009F1000AB2350 /* logo@2x.png in Resources */ = {isa = PBXBuildFile; fileRef = 8F526F0A1E009F1000AB2350 /* logo@2x.png */; };
		8F526F241E009F1000AB2350 /* lose_btn@2x.png in Resources */ = {isa = PBXBuildFile; fileRef = 8F526F0B1E009F1000AB2350 /* lose_btn@2x.png */; };
		8F526F251E009F1000AB2350 /* name@2x.png in Resources */ = {isa = PBXBuildFile; fileRef = 8F526F0C1E009F1000AB2350 /* name@2x.png */; };
		8F526F261E009F1000AB2350 /* password@2x.png in Resources */ = {isa = PBXBuildFile; fileRef = 8F526F0D1E009F1000AB2350 /* password@2x.png */; };
		8F526F271E009F1000AB2350 /* user@2x.png in Resources */ = {isa = PBXBuildFile; fileRef = 8F526F0E1E009F1000AB2350 /* user@2x.png */; };
		8F526F281E009F1000AB2350 /* add_sel@3x.png in Resources */ = {isa = PBXBuildFile; fileRef = 8F526F101E009F1000AB2350 /* add_sel@3x.png */; };
		8F526F291E009F1000AB2350 /* lose_sel@3x.png in Resources */ = {isa = PBXBuildFile; fileRef = 8F526F111E009F1000AB2350 /* lose_sel@3x.png */; };
		8F526F2A1E009F1000AB2350 /* @3x_19.png in Resources */ = {isa = PBXBuildFile; fileRef = 8F526F121E009F1000AB2350 /* @3x_19.png */; };
		8F526F2B1E009F1000AB2350 /* add_btn@3x.png in Resources */ = {isa = PBXBuildFile; fileRef = 8F526F131E009F1000AB2350 /* add_btn@3x.png */; };
		8F526F2C1E009F1000AB2350 /* animation_img.gif in Resources */ = {isa = PBXBuildFile; fileRef = 8F526F141E009F1000AB2350 /* animation_img.gif */; };
		8F526F2D1E009F1000AB2350 /* duigou@3x.png in Resources */ = {isa = PBXBuildFile; fileRef = 8F526F151E009F1000AB2350 /* duigou@3x.png */; };
		8F526F2E1E009F1000AB2350 /* finished_logo@3x.png in Resources */ = {isa = PBXBuildFile; fileRef = 8F526F161E009F1000AB2350 /* finished_logo@3x.png */; };
		8F526F2F1E009F1000AB2350 /* logo@3x.png in Resources */ = {isa = PBXBuildFile; fileRef = 8F526F171E009F1000AB2350 /* logo@3x.png */; };
		8F526F301E009F1000AB2350 /* lose_btn@3x.png in Resources */ = {isa = PBXBuildFile; fileRef = 8F526F181E009F1000AB2350 /* lose_btn@3x.png */; };
		8F526F311E009F1000AB2350 /* name@3x.png in Resources */ = {isa = PBXBuildFile; fileRef = 8F526F191E009F1000AB2350 /* name@3x.png */; };
		8F526F321E009F1000AB2350 /* password@3x.png in Resources */ = {isa = PBXBuildFile; fileRef = 8F526F1A1E009F1000AB2350 /* password@3x.png */; };
		8F526F331E009F1000AB2350 /* user@3x.png in Resources */ = {isa = PBXBuildFile; fileRef = 8F526F1B1E009F1000AB2350 /* user@3x.png */; };
		8F526F351E009F7800AB2350 /* hui@3x_03.png in Resources */ = {isa = PBXBuildFile; fileRef = 8F526F341E009F7800AB2350 /* hui@3x_03.png */; };
		8F526F371E009F7C00AB2350 /* hui@2x_03.png in Resources */ = {isa = PBXBuildFile; fileRef = 8F526F361E009F7C00AB2350 /* hui@2x_03.png */; };
		8F526F391E009F8900AB2350 /* hui@3x_05.png in Resources */ = {isa = PBXBuildFile; fileRef = 8F526F381E009F8900AB2350 /* hui@3x_05.png */; };
		8F526F3B1E009F8D00AB2350 /* hui@2x_05.png in Resources */ = {isa = PBXBuildFile; fileRef = 8F526F3A1E009F8D00AB2350 /* hui@2x_05.png */; };
		8F66273F1E0308FA00C3D897 /* PickingInViewController.m in Sources */ = {isa = PBXBuildFile; fileRef = 8F66273E1E0308FA00C3D897 /* PickingInViewController.m */; };
		8F6627481E030A7500C3D897 /* weight_nor@2x.png in Resources */ = {isa = PBXBuildFile; fileRef = 8F6627401E030A7500C3D897 /* weight_nor@2x.png */; };
		8F6627491E030A7500C3D897 /* weight_sel@2x.png in Resources */ = {isa = PBXBuildFile; fileRef = 8F6627411E030A7500C3D897 /* weight_sel@2x.png */; };
		8F66274A1E030A7500C3D897 /* ruku@2x.png in Resources */ = {isa = PBXBuildFile; fileRef = 8F6627421E030A7500C3D897 /* ruku@2x.png */; };
		8F66274B1E030A7500C3D897 /* jieshou@2x.png in Resources */ = {isa = PBXBuildFile; fileRef = 8F6627431E030A7500C3D897 /* jieshou@2x.png */; };
		8F66274C1E030A7500C3D897 /* jianru@2x.png in Resources */ = {isa = PBXBuildFile; fileRef = 8F6627441E030A7500C3D897 /* jianru@2x.png */; };
		8F66274D1E030A7500C3D897 /* wancheng@2x.png in Resources */ = {isa = PBXBuildFile; fileRef = 8F6627451E030A7500C3D897 /* wancheng@2x.png */; };
		8F66274E1E030A7500C3D897 /* finish@2x.png in Resources */ = {isa = PBXBuildFile; fileRef = 8F6627461E030A7500C3D897 /* finish@2x.png */; };
		8F66274F1E030A7500C3D897 /* jianchu@2x.png in Resources */ = {isa = PBXBuildFile; fileRef = 8F6627471E030A7500C3D897 /* jianchu@2x.png */; };
		8F6627581E030A7E00C3D897 /* weight_nor@3x.png in Resources */ = {isa = PBXBuildFile; fileRef = 8F6627501E030A7E00C3D897 /* weight_nor@3x.png */; };
		8F6627591E030A7E00C3D897 /* weight_sel@3x.png in Resources */ = {isa = PBXBuildFile; fileRef = 8F6627511E030A7E00C3D897 /* weight_sel@3x.png */; };
		8F66275A1E030A7E00C3D897 /* ruku@3x.png in Resources */ = {isa = PBXBuildFile; fileRef = 8F6627521E030A7E00C3D897 /* ruku@3x.png */; };
		8F66275B1E030A7E00C3D897 /* jieshou@3x.png in Resources */ = {isa = PBXBuildFile; fileRef = 8F6627531E030A7E00C3D897 /* jieshou@3x.png */; };
		8F66275C1E030A7E00C3D897 /* jianru@3x.png in Resources */ = {isa = PBXBuildFile; fileRef = 8F6627541E030A7E00C3D897 /* jianru@3x.png */; };
		8F66275D1E030A7E00C3D897 /* wancheng@3x.png in Resources */ = {isa = PBXBuildFile; fileRef = 8F6627551E030A7E00C3D897 /* wancheng@3x.png */; };
		8F66275E1E030A7E00C3D897 /* finish@3x.png in Resources */ = {isa = PBXBuildFile; fileRef = 8F6627561E030A7E00C3D897 /* finish@3x.png */; };
		8F66275F1E030A7E00C3D897 /* jianchu@3x.png in Resources */ = {isa = PBXBuildFile; fileRef = 8F6627571E030A7E00C3D897 /* jianchu@3x.png */; };
		8F6627621E035CCF00C3D897 /* WeightViewController.m in Sources */ = {isa = PBXBuildFile; fileRef = 8F6627611E035CCE00C3D897 /* WeightViewController.m */; };
		8F6627651E03608B00C3D897 /* WeightModel.m in Sources */ = {isa = PBXBuildFile; fileRef = 8F6627641E03608B00C3D897 /* WeightModel.m */; };
		8F6627681E0361BA00C3D897 /* WeightViewCell.m in Sources */ = {isa = PBXBuildFile; fileRef = 8F6627671E0361BA00C3D897 /* WeightViewCell.m */; };
		8F8B3E991E00593700D6A104 /* main.m in Sources */ = {isa = PBXBuildFile; fileRef = 8F8B3E981E00593700D6A104 /* main.m */; };
		8F8B3E9C1E00593700D6A104 /* AppDelegate.m in Sources */ = {isa = PBXBuildFile; fileRef = 8F8B3E9B1E00593700D6A104 /* AppDelegate.m */; };
		8F8B3EA21E00593700D6A104 /* Main.storyboard in Resources */ = {isa = PBXBuildFile; fileRef = 8F8B3EA01E00593700D6A104 /* Main.storyboard */; };
		8F8B3EA41E00593700D6A104 /* Assets.xcassets in Resources */ = {isa = PBXBuildFile; fileRef = 8F8B3EA31E00593700D6A104 /* Assets.xcassets */; };
		8F8B3EA71E00593700D6A104 /* LaunchScreen.storyboard in Resources */ = {isa = PBXBuildFile; fileRef = 8F8B3EA51E00593700D6A104 /* LaunchScreen.storyboard */; };
		8F8B3EB21E00593700D6A104 /* pick_helperTests.m in Sources */ = {isa = PBXBuildFile; fileRef = 8F8B3EB11E00593700D6A104 /* pick_helperTests.m */; };
		8F8B3EBD1E00593700D6A104 /* pick_helperUITests.m in Sources */ = {isa = PBXBuildFile; fileRef = 8F8B3EBC1E00593700D6A104 /* pick_helperUITests.m */; };
		8FDABD181E0208BD00EEA8DB /* waiting.gif in Resources */ = {isa = PBXBuildFile; fileRef = 8FDABD171E0208BD00EEA8DB /* waiting.gif */; };
		8FF82A731E00B1FF0093DD53 /* ButtonSize.m in Sources */ = {isa = PBXBuildFile; fileRef = 8FF82A5B1E00B1FF0093DD53 /* ButtonSize.m */; };
		8FF82A741E00B1FF0093DD53 /* NSDate+Extension.m in Sources */ = {isa = PBXBuildFile; fileRef = 8FF82A5D1E00B1FF0093DD53 /* NSDate+Extension.m */; };
		8FF82A751E00B1FF0093DD53 /* NSString+PJR.m in Sources */ = {isa = PBXBuildFile; fileRef = 8FF82A5F1E00B1FF0093DD53 /* NSString+PJR.m */; };
		8FF82A761E00B1FF0093DD53 /* Tools.m in Sources */ = {isa = PBXBuildFile; fileRef = 8FF82A611E00B1FF0093DD53 /* Tools.m */; };
		8FF82A771E00B1FF0093DD53 /* UIBarButtonItem+Extesion.m in Sources */ = {isa = PBXBuildFile; fileRef = 8FF82A631E00B1FF0093DD53 /* UIBarButtonItem+Extesion.m */; };
		8FF82A781E00B1FF0093DD53 /* UIColor+RandomColor.m in Sources */ = {isa = PBXBuildFile; fileRef = 8FF82A651E00B1FF0093DD53 /* UIColor+RandomColor.m */; };
		8FF82A791E00B1FF0093DD53 /* UIImage+Extesion.m in Sources */ = {isa = PBXBuildFile; fileRef = 8FF82A671E00B1FF0093DD53 /* UIImage+Extesion.m */; };
		8FF82A7A1E00B1FF0093DD53 /* UILabel+Extension.m in Sources */ = {isa = PBXBuildFile; fileRef = 8FF82A691E00B1FF0093DD53 /* UILabel+Extension.m */; };
		8FF82A7B1E00B1FF0093DD53 /* UILabel+LXAdd.m in Sources */ = {isa = PBXBuildFile; fileRef = 8FF82A6B1E00B1FF0093DD53 /* UILabel+LXAdd.m */; };
		8FF82A7C1E00B1FF0093DD53 /* UIView+Extesion.m in Sources */ = {isa = PBXBuildFile; fileRef = 8FF82A6D1E00B1FF0093DD53 /* UIView+Extesion.m */; };
		8FF82A7D1E00B1FF0093DD53 /* UIViewController+Extension.m in Sources */ = {isa = PBXBuildFile; fileRef = 8FF82A6F1E00B1FF0093DD53 /* UIViewController+Extension.m */; };
		8FF82A851E00B23B0093DD53 /* Common.m in Sources */ = {isa = PBXBuildFile; fileRef = 8FF82A821E00B23B0093DD53 /* Common.m */; };
		8FF82AA01E00B25A0093DD53 /* JSONModel.m in Sources */ = {isa = PBXBuildFile; fileRef = 8FF82A891E00B25A0093DD53 /* JSONModel.m */; };
		8FF82AA11E00B25A0093DD53 /* JSONModelArray.m in Sources */ = {isa = PBXBuildFile; fileRef = 8FF82A8B1E00B25A0093DD53 /* JSONModelArray.m */; };
		8FF82AA21E00B25A0093DD53 /* JSONModelClassProperty.m in Sources */ = {isa = PBXBuildFile; fileRef = 8FF82A8D1E00B25A0093DD53 /* JSONModelClassProperty.m */; };
		8FF82AA31E00B25A0093DD53 /* JSONModelError.m in Sources */ = {isa = PBXBuildFile; fileRef = 8FF82A8F1E00B25A0093DD53 /* JSONModelError.m */; };
		8FF82AA41E00B25A0093DD53 /* NSArray+JSONModel.m in Sources */ = {isa = PBXBuildFile; fileRef = 8FF82A921E00B25A0093DD53 /* NSArray+JSONModel.m */; };
		8FF82AA51E00B25A0093DD53 /* JSONAPI.m in Sources */ = {isa = PBXBuildFile; fileRef = 8FF82A961E00B25A0093DD53 /* JSONAPI.m */; };
		8FF82AA61E00B25A0093DD53 /* JSONHTTPClient.m in Sources */ = {isa = PBXBuildFile; fileRef = 8FF82A981E00B25A0093DD53 /* JSONHTTPClient.m */; };
		8FF82AA71E00B25A0093DD53 /* JSONModel+networking.m in Sources */ = {isa = PBXBuildFile; fileRef = 8FF82A9A1E00B25A0093DD53 /* JSONModel+networking.m */; };
		8FF82AA81E00B25A0093DD53 /* JSONKeyMapper.m in Sources */ = {isa = PBXBuildFile; fileRef = 8FF82A9D1E00B25A0093DD53 /* JSONKeyMapper.m */; };
		8FF82AA91E00B25A0093DD53 /* JSONValueTransformer.m in Sources */ = {isa = PBXBuildFile; fileRef = 8FF82A9F1E00B25A0093DD53 /* JSONValueTransformer.m */; };
		8FF82AB01E00B2640093DD53 /* MBProgressHUD.m in Sources */ = {isa = PBXBuildFile; fileRef = 8FF82AAD1E00B2640093DD53 /* MBProgressHUD.m */; };
		8FF82AB11E00B2640093DD53 /* YLAutoLayOut.m in Sources */ = {isa = PBXBuildFile; fileRef = 8FF82AAF1E00B2640093DD53 /* YLAutoLayOut.m */; };
		8FF82AB81E00B2A50093DD53 /* UIView+Frame.m in Sources */ = {isa = PBXBuildFile; fileRef = 8FF82AB71E00B2A50093DD53 /* UIView+Frame.m */; };
		8FF82ABB1E00B4040093DD53 /* RootViewController.m in Sources */ = {isa = PBXBuildFile; fileRef = 8FF82ABA1E00B4040093DD53 /* RootViewController.m */; };
/* End PBXBuildFile section */

/* Begin PBXContainerItemProxy section */
		8F8B3EAE1E00593700D6A104 /* PBXContainerItemProxy */ = {
			isa = PBXContainerItemProxy;
			containerPortal = 8F8B3E8C1E00593700D6A104 /* Project object */;
			proxyType = 1;
			remoteGlobalIDString = 8F8B3E931E00593700D6A104;
			remoteInfo = pick_helper;
		};
		8F8B3EB91E00593700D6A104 /* PBXContainerItemProxy */ = {
			isa = PBXContainerItemProxy;
			containerPortal = 8F8B3E8C1E00593700D6A104 /* Project object */;
			proxyType = 1;
			remoteGlobalIDString = 8F8B3E931E00593700D6A104;
			remoteInfo = pick_helper;
		};
/* End PBXContainerItemProxy section */

/* Begin PBXFileReference section */
		6EB3557241384EFA845014FC /* Pods-pick_helper.release.xcconfig */ = {isa = PBXFileReference; includeInIndex = 1; lastKnownFileType = text.xcconfig; name = "Pods-pick_helper.release.xcconfig"; path = "Pods/Target Support Files/Pods-pick_helper/Pods-pick_helper.release.xcconfig"; sourceTree = "<group>"; };
		836F33F8321D1C1750564C35 /* libPods-pick_helper.a */ = {isa = PBXFileReference; explicitFileType = archive.ar; includeInIndex = 0; path = "libPods-pick_helper.a"; sourceTree = BUILT_PRODUCTS_DIR; };
		8F11FEF71E00FC660016E563 /* PickerNetManager.h */ = {isa = PBXFileReference; fileEncoding = 4; lastKnownFileType = sourcecode.c.h; path = PickerNetManager.h; sourceTree = "<group>"; };
		8F11FEF81E00FC660016E563 /* PickerNetManager.m */ = {isa = PBXFileReference; fileEncoding = 4; lastKnownFileType = sourcecode.c.objc; path = PickerNetManager.m; sourceTree = "<group>"; };
		8F180CF41E01BBC90067E28E /* WaitingViewController.h */ = {isa = PBXFileReference; fileEncoding = 4; lastKnownFileType = sourcecode.c.h; path = WaitingViewController.h; sourceTree = "<group>"; };
		8F180CF51E01BBC90067E28E /* WaitingViewController.m */ = {isa = PBXFileReference; fileEncoding = 4; lastKnownFileType = sourcecode.c.objc; path = WaitingViewController.m; sourceTree = "<group>"; };
		8F180CF71E01C5A80067E28E /* GifView.h */ = {isa = PBXFileReference; fileEncoding = 4; lastKnownFileType = sourcecode.c.h; path = GifView.h; sourceTree = "<group>"; };
		8F180CF81E01C5A80067E28E /* GifView.m */ = {isa = PBXFileReference; fileEncoding = 4; lastKnownFileType = sourcecode.c.objc; path = GifView.m; sourceTree = "<group>"; };
		8F2CA1881E00B5E800782BEF /* LoginViewController.h */ = {isa = PBXFileReference; fileEncoding = 4; lastKnownFileType = sourcecode.c.h; path = LoginViewController.h; sourceTree = "<group>"; };
		8F2CA1891E00B5E800782BEF /* LoginViewController.m */ = {isa = PBXFileReference; fileEncoding = 4; lastKnownFileType = sourcecode.c.objc; path = LoginViewController.m; sourceTree = "<group>"; };
		8F526F031E009F1000AB2350 /* add_sel@2x.png */ = {isa = PBXFileReference; lastKnownFileType = image.png; path = "add_sel@2x.png"; sourceTree = "<group>"; };
		8F526F041E009F1000AB2350 /* lose_sel@2x.png */ = {isa = PBXFileReference; lastKnownFileType = image.png; path = "lose_sel@2x.png"; sourceTree = "<group>"; };
		8F526F051E009F1000AB2350 /* @2x_19.png */ = {isa = PBXFileReference; lastKnownFileType = image.png; path = "@2x_19.png"; sourceTree = "<group>"; };
		8F526F061E009F1000AB2350 /* add_btn@2x.png */ = {isa = PBXFileReference; lastKnownFileType = image.png; path = "add_btn@2x.png"; sourceTree = "<group>"; };
		8F526F071E009F1000AB2350 /* animation_img.gif */ = {isa = PBXFileReference; lastKnownFileType = image.gif; path = animation_img.gif; sourceTree = "<group>"; };
		8F526F081E009F1000AB2350 /* duigou@2x.png */ = {isa = PBXFileReference; lastKnownFileType = image.png; path = "duigou@2x.png"; sourceTree = "<group>"; };
		8F526F091E009F1000AB2350 /* finished_logo@2x.png */ = {isa = PBXFileReference; lastKnownFileType = image.png; path = "finished_logo@2x.png"; sourceTree = "<group>"; };
		8F526F0A1E009F1000AB2350 /* logo@2x.png */ = {isa = PBXFileReference; lastKnownFileType = image.png; path = "logo@2x.png"; sourceTree = "<group>"; };
		8F526F0B1E009F1000AB2350 /* lose_btn@2x.png */ = {isa = PBXFileReference; lastKnownFileType = image.png; path = "lose_btn@2x.png"; sourceTree = "<group>"; };
		8F526F0C1E009F1000AB2350 /* name@2x.png */ = {isa = PBXFileReference; lastKnownFileType = image.png; path = "name@2x.png"; sourceTree = "<group>"; };
		8F526F0D1E009F1000AB2350 /* password@2x.png */ = {isa = PBXFileReference; lastKnownFileType = image.png; path = "password@2x.png"; sourceTree = "<group>"; };
		8F526F0E1E009F1000AB2350 /* user@2x.png */ = {isa = PBXFileReference; lastKnownFileType = image.png; path = "user@2x.png"; sourceTree = "<group>"; };
		8F526F101E009F1000AB2350 /* add_sel@3x.png */ = {isa = PBXFileReference; lastKnownFileType = image.png; path = "add_sel@3x.png"; sourceTree = "<group>"; };
		8F526F111E009F1000AB2350 /* lose_sel@3x.png */ = {isa = PBXFileReference; lastKnownFileType = image.png; path = "lose_sel@3x.png"; sourceTree = "<group>"; };
		8F526F121E009F1000AB2350 /* @3x_19.png */ = {isa = PBXFileReference; lastKnownFileType = image.png; path = "@3x_19.png"; sourceTree = "<group>"; };
		8F526F131E009F1000AB2350 /* add_btn@3x.png */ = {isa = PBXFileReference; lastKnownFileType = image.png; path = "add_btn@3x.png"; sourceTree = "<group>"; };
		8F526F141E009F1000AB2350 /* animation_img.gif */ = {isa = PBXFileReference; lastKnownFileType = image.gif; path = animation_img.gif; sourceTree = "<group>"; };
		8F526F151E009F1000AB2350 /* duigou@3x.png */ = {isa = PBXFileReference; lastKnownFileType = image.png; path = "duigou@3x.png"; sourceTree = "<group>"; };
		8F526F161E009F1000AB2350 /* finished_logo@3x.png */ = {isa = PBXFileReference; lastKnownFileType = image.png; path = "finished_logo@3x.png"; sourceTree = "<group>"; };
		8F526F171E009F1000AB2350 /* logo@3x.png */ = {isa = PBXFileReference; lastKnownFileType = image.png; path = "logo@3x.png"; sourceTree = "<group>"; };
		8F526F181E009F1000AB2350 /* lose_btn@3x.png */ = {isa = PBXFileReference; lastKnownFileType = image.png; path = "lose_btn@3x.png"; sourceTree = "<group>"; };
		8F526F191E009F1000AB2350 /* name@3x.png */ = {isa = PBXFileReference; lastKnownFileType = image.png; path = "name@3x.png"; sourceTree = "<group>"; };
		8F526F1A1E009F1000AB2350 /* password@3x.png */ = {isa = PBXFileReference; lastKnownFileType = image.png; path = "password@3x.png"; sourceTree = "<group>"; };
		8F526F1B1E009F1000AB2350 /* user@3x.png */ = {isa = PBXFileReference; lastKnownFileType = image.png; path = "user@3x.png"; sourceTree = "<group>"; };
		8F526F341E009F7800AB2350 /* hui@3x_03.png */ = {isa = PBXFileReference; lastKnownFileType = image.png; path = "hui@3x_03.png"; sourceTree = "<group>"; };
		8F526F361E009F7C00AB2350 /* hui@2x_03.png */ = {isa = PBXFileReference; lastKnownFileType = image.png; name = "hui@2x_03.png"; path = "../@3x/hui@2x_03.png"; sourceTree = "<group>"; };
		8F526F381E009F8900AB2350 /* hui@3x_05.png */ = {isa = PBXFileReference; lastKnownFileType = image.png; path = "hui@3x_05.png"; sourceTree = "<group>"; };
		8F526F3A1E009F8D00AB2350 /* hui@2x_05.png */ = {isa = PBXFileReference; lastKnownFileType = image.png; path = "hui@2x_05.png"; sourceTree = "<group>"; };
		8F66273D1E0308FA00C3D897 /* PickingInViewController.h */ = {isa = PBXFileReference; fileEncoding = 4; lastKnownFileType = sourcecode.c.h; path = PickingInViewController.h; sourceTree = "<group>"; };
		8F66273E1E0308FA00C3D897 /* PickingInViewController.m */ = {isa = PBXFileReference; fileEncoding = 4; lastKnownFileType = sourcecode.c.objc; path = PickingInViewController.m; sourceTree = "<group>"; };
		8F6627401E030A7500C3D897 /* weight_nor@2x.png */ = {isa = PBXFileReference; lastKnownFileType = image.png; path = "weight_nor@2x.png"; sourceTree = "<group>"; };
		8F6627411E030A7500C3D897 /* weight_sel@2x.png */ = {isa = PBXFileReference; lastKnownFileType = image.png; path = "weight_sel@2x.png"; sourceTree = "<group>"; };
		8F6627421E030A7500C3D897 /* ruku@2x.png */ = {isa = PBXFileReference; lastKnownFileType = image.png; path = "ruku@2x.png"; sourceTree = "<group>"; };
		8F6627431E030A7500C3D897 /* jieshou@2x.png */ = {isa = PBXFileReference; lastKnownFileType = image.png; path = "jieshou@2x.png"; sourceTree = "<group>"; };
		8F6627441E030A7500C3D897 /* jianru@2x.png */ = {isa = PBXFileReference; lastKnownFileType = image.png; path = "jianru@2x.png"; sourceTree = "<group>"; };
		8F6627451E030A7500C3D897 /* wancheng@2x.png */ = {isa = PBXFileReference; lastKnownFileType = image.png; path = "wancheng@2x.png"; sourceTree = "<group>"; };
		8F6627461E030A7500C3D897 /* finish@2x.png */ = {isa = PBXFileReference; lastKnownFileType = image.png; path = "finish@2x.png"; sourceTree = "<group>"; };
		8F6627471E030A7500C3D897 /* jianchu@2x.png */ = {isa = PBXFileReference; lastKnownFileType = image.png; path = "jianchu@2x.png"; sourceTree = "<group>"; };
		8F6627501E030A7E00C3D897 /* weight_nor@3x.png */ = {isa = PBXFileReference; lastKnownFileType = image.png; path = "weight_nor@3x.png"; sourceTree = "<group>"; };
		8F6627511E030A7E00C3D897 /* weight_sel@3x.png */ = {isa = PBXFileReference; lastKnownFileType = image.png; path = "weight_sel@3x.png"; sourceTree = "<group>"; };
		8F6627521E030A7E00C3D897 /* ruku@3x.png */ = {isa = PBXFileReference; lastKnownFileType = image.png; path = "ruku@3x.png"; sourceTree = "<group>"; };
		8F6627531E030A7E00C3D897 /* jieshou@3x.png */ = {isa = PBXFileReference; lastKnownFileType = image.png; path = "jieshou@3x.png"; sourceTree = "<group>"; };
		8F6627541E030A7E00C3D897 /* jianru@3x.png */ = {isa = PBXFileReference; lastKnownFileType = image.png; path = "jianru@3x.png"; sourceTree = "<group>"; };
		8F6627551E030A7E00C3D897 /* wancheng@3x.png */ = {isa = PBXFileReference; lastKnownFileType = image.png; path = "wancheng@3x.png"; sourceTree = "<group>"; };
		8F6627561E030A7E00C3D897 /* finish@3x.png */ = {isa = PBXFileReference; lastKnownFileType = image.png; path = "finish@3x.png"; sourceTree = "<group>"; };
		8F6627571E030A7E00C3D897 /* jianchu@3x.png */ = {isa = PBXFileReference; lastKnownFileType = image.png; path = "jianchu@3x.png"; sourceTree = "<group>"; };
		8F6627601E035CCE00C3D897 /* WeightViewController.h */ = {isa = PBXFileReference; fileEncoding = 4; lastKnownFileType = sourcecode.c.h; path = WeightViewController.h; sourceTree = "<group>"; };
		8F6627611E035CCE00C3D897 /* WeightViewController.m */ = {isa = PBXFileReference; fileEncoding = 4; lastKnownFileType = sourcecode.c.objc; path = WeightViewController.m; sourceTree = "<group>"; };
		8F6627631E03608B00C3D897 /* WeightModel.h */ = {isa = PBXFileReference; fileEncoding = 4; lastKnownFileType = sourcecode.c.h; path = WeightModel.h; sourceTree = "<group>"; };
		8F6627641E03608B00C3D897 /* WeightModel.m */ = {isa = PBXFileReference; fileEncoding = 4; lastKnownFileType = sourcecode.c.objc; path = WeightModel.m; sourceTree = "<group>"; };
		8F6627661E0361BA00C3D897 /* WeightViewCell.h */ = {isa = PBXFileReference; fileEncoding = 4; lastKnownFileType = sourcecode.c.h; path = WeightViewCell.h; sourceTree = "<group>"; };
		8F6627671E0361BA00C3D897 /* WeightViewCell.m */ = {isa = PBXFileReference; fileEncoding = 4; lastKnownFileType = sourcecode.c.objc; path = WeightViewCell.m; sourceTree = "<group>"; };
		8F8B3E941E00593700D6A104 /* pick_helper.app */ = {isa = PBXFileReference; explicitFileType = wrapper.application; includeInIndex = 0; path = pick_helper.app; sourceTree = BUILT_PRODUCTS_DIR; };
		8F8B3E981E00593700D6A104 /* main.m */ = {isa = PBXFileReference; lastKnownFileType = sourcecode.c.objc; path = main.m; sourceTree = "<group>"; };
		8F8B3E9A1E00593700D6A104 /* AppDelegate.h */ = {isa = PBXFileReference; lastKnownFileType = sourcecode.c.h; path = AppDelegate.h; sourceTree = "<group>"; };
		8F8B3E9B1E00593700D6A104 /* AppDelegate.m */ = {isa = PBXFileReference; lastKnownFileType = sourcecode.c.objc; path = AppDelegate.m; sourceTree = "<group>"; };
		8F8B3EA11E00593700D6A104 /* Base */ = {isa = PBXFileReference; lastKnownFileType = file.storyboard; name = Base; path = Base.lproj/Main.storyboard; sourceTree = "<group>"; };
		8F8B3EA31E00593700D6A104 /* Assets.xcassets */ = {isa = PBXFileReference; lastKnownFileType = folder.assetcatalog; path = Assets.xcassets; sourceTree = "<group>"; };
		8F8B3EA61E00593700D6A104 /* Base */ = {isa = PBXFileReference; lastKnownFileType = file.storyboard; name = Base; path = Base.lproj/LaunchScreen.storyboard; sourceTree = "<group>"; };
		8F8B3EA81E00593700D6A104 /* Info.plist */ = {isa = PBXFileReference; lastKnownFileType = text.plist.xml; path = Info.plist; sourceTree = "<group>"; };
		8F8B3EAD1E00593700D6A104 /* pick_helperTests.xctest */ = {isa = PBXFileReference; explicitFileType = wrapper.cfbundle; includeInIndex = 0; path = pick_helperTests.xctest; sourceTree = BUILT_PRODUCTS_DIR; };
		8F8B3EB11E00593700D6A104 /* pick_helperTests.m */ = {isa = PBXFileReference; lastKnownFileType = sourcecode.c.objc; path = pick_helperTests.m; sourceTree = "<group>"; };
		8F8B3EB31E00593700D6A104 /* Info.plist */ = {isa = PBXFileReference; lastKnownFileType = text.plist.xml; path = Info.plist; sourceTree = "<group>"; };
		8F8B3EB81E00593700D6A104 /* pick_helperUITests.xctest */ = {isa = PBXFileReference; explicitFileType = wrapper.cfbundle; includeInIndex = 0; path = pick_helperUITests.xctest; sourceTree = BUILT_PRODUCTS_DIR; };
		8F8B3EBC1E00593700D6A104 /* pick_helperUITests.m */ = {isa = PBXFileReference; lastKnownFileType = sourcecode.c.objc; path = pick_helperUITests.m; sourceTree = "<group>"; };
		8F8B3EBE1E00593700D6A104 /* Info.plist */ = {isa = PBXFileReference; lastKnownFileType = text.plist.xml; path = Info.plist; sourceTree = "<group>"; };
		8FDABD171E0208BD00EEA8DB /* waiting.gif */ = {isa = PBXFileReference; lastKnownFileType = image.gif; path = waiting.gif; sourceTree = "<group>"; };
		8FF82A571E00B0810093DD53 /* pch.pch */ = {isa = PBXFileReference; fileEncoding = 4; lastKnownFileType = sourcecode.c.h; name = pch.pch; path = ../pch.pch; sourceTree = "<group>"; };
		8FF82A5A1E00B1FF0093DD53 /* ButtonSize.h */ = {isa = PBXFileReference; fileEncoding = 4; lastKnownFileType = sourcecode.c.h; path = ButtonSize.h; sourceTree = "<group>"; };
		8FF82A5B1E00B1FF0093DD53 /* ButtonSize.m */ = {isa = PBXFileReference; fileEncoding = 4; lastKnownFileType = sourcecode.c.objc; path = ButtonSize.m; sourceTree = "<group>"; };
		8FF82A5C1E00B1FF0093DD53 /* NSDate+Extension.h */ = {isa = PBXFileReference; fileEncoding = 4; lastKnownFileType = sourcecode.c.h; path = "NSDate+Extension.h"; sourceTree = "<group>"; };
		8FF82A5D1E00B1FF0093DD53 /* NSDate+Extension.m */ = {isa = PBXFileReference; fileEncoding = 4; lastKnownFileType = sourcecode.c.objc; path = "NSDate+Extension.m"; sourceTree = "<group>"; };
		8FF82A5E1E00B1FF0093DD53 /* NSString+PJR.h */ = {isa = PBXFileReference; fileEncoding = 4; lastKnownFileType = sourcecode.c.h; path = "NSString+PJR.h"; sourceTree = "<group>"; };
		8FF82A5F1E00B1FF0093DD53 /* NSString+PJR.m */ = {isa = PBXFileReference; fileEncoding = 4; lastKnownFileType = sourcecode.c.objc; path = "NSString+PJR.m"; sourceTree = "<group>"; };
		8FF82A601E00B1FF0093DD53 /* Tools.h */ = {isa = PBXFileReference; fileEncoding = 4; lastKnownFileType = sourcecode.c.h; path = Tools.h; sourceTree = "<group>"; };
		8FF82A611E00B1FF0093DD53 /* Tools.m */ = {isa = PBXFileReference; fileEncoding = 4; lastKnownFileType = sourcecode.c.objc; path = Tools.m; sourceTree = "<group>"; };
		8FF82A621E00B1FF0093DD53 /* UIBarButtonItem+Extesion.h */ = {isa = PBXFileReference; fileEncoding = 4; lastKnownFileType = sourcecode.c.h; path = "UIBarButtonItem+Extesion.h"; sourceTree = "<group>"; };
		8FF82A631E00B1FF0093DD53 /* UIBarButtonItem+Extesion.m */ = {isa = PBXFileReference; fileEncoding = 4; lastKnownFileType = sourcecode.c.objc; path = "UIBarButtonItem+Extesion.m"; sourceTree = "<group>"; };
		8FF82A641E00B1FF0093DD53 /* UIColor+RandomColor.h */ = {isa = PBXFileReference; fileEncoding = 4; lastKnownFileType = sourcecode.c.h; path = "UIColor+RandomColor.h"; sourceTree = "<group>"; };
		8FF82A651E00B1FF0093DD53 /* UIColor+RandomColor.m */ = {isa = PBXFileReference; fileEncoding = 4; lastKnownFileType = sourcecode.c.objc; path = "UIColor+RandomColor.m"; sourceTree = "<group>"; };
		8FF82A661E00B1FF0093DD53 /* UIImage+Extesion.h */ = {isa = PBXFileReference; fileEncoding = 4; lastKnownFileType = sourcecode.c.h; path = "UIImage+Extesion.h"; sourceTree = "<group>"; };
		8FF82A671E00B1FF0093DD53 /* UIImage+Extesion.m */ = {isa = PBXFileReference; fileEncoding = 4; lastKnownFileType = sourcecode.c.objc; path = "UIImage+Extesion.m"; sourceTree = "<group>"; };
		8FF82A681E00B1FF0093DD53 /* UILabel+Extension.h */ = {isa = PBXFileReference; fileEncoding = 4; lastKnownFileType = sourcecode.c.h; path = "UILabel+Extension.h"; sourceTree = "<group>"; };
		8FF82A691E00B1FF0093DD53 /* UILabel+Extension.m */ = {isa = PBXFileReference; fileEncoding = 4; lastKnownFileType = sourcecode.c.objc; path = "UILabel+Extension.m"; sourceTree = "<group>"; };
		8FF82A6A1E00B1FF0093DD53 /* UILabel+LXAdd.h */ = {isa = PBXFileReference; fileEncoding = 4; lastKnownFileType = sourcecode.c.h; path = "UILabel+LXAdd.h"; sourceTree = "<group>"; };
		8FF82A6B1E00B1FF0093DD53 /* UILabel+LXAdd.m */ = {isa = PBXFileReference; fileEncoding = 4; lastKnownFileType = sourcecode.c.objc; path = "UILabel+LXAdd.m"; sourceTree = "<group>"; };
		8FF82A6C1E00B1FF0093DD53 /* UIView+Extesion.h */ = {isa = PBXFileReference; fileEncoding = 4; lastKnownFileType = sourcecode.c.h; path = "UIView+Extesion.h"; sourceTree = "<group>"; };
		8FF82A6D1E00B1FF0093DD53 /* UIView+Extesion.m */ = {isa = PBXFileReference; fileEncoding = 4; lastKnownFileType = sourcecode.c.objc; path = "UIView+Extesion.m"; sourceTree = "<group>"; };
		8FF82A6E1E00B1FF0093DD53 /* UIViewController+Extension.h */ = {isa = PBXFileReference; fileEncoding = 4; lastKnownFileType = sourcecode.c.h; path = "UIViewController+Extension.h"; sourceTree = "<group>"; };
		8FF82A6F1E00B1FF0093DD53 /* UIViewController+Extension.m */ = {isa = PBXFileReference; fileEncoding = 4; lastKnownFileType = sourcecode.c.objc; path = "UIViewController+Extension.m"; sourceTree = "<group>"; };
		8FF82A7E1E00B21B0093DD53 /* StringConstants.h */ = {isa = PBXFileReference; fileEncoding = 4; lastKnownFileType = sourcecode.c.h; path = StringConstants.h; sourceTree = "<group>"; };
		8FF82A7F1E00B23B0093DD53 /* Pick_Color.h */ = {isa = PBXFileReference; fileEncoding = 4; lastKnownFileType = sourcecode.c.h; path = Pick_Color.h; sourceTree = "<group>"; };
		8FF82A811E00B23B0093DD53 /* Common.h */ = {isa = PBXFileReference; fileEncoding = 4; lastKnownFileType = sourcecode.c.h; name = Common.h; path = ../Define/Define/Common.h; sourceTree = "<group>"; };
		8FF82A821E00B23B0093DD53 /* Common.m */ = {isa = PBXFileReference; fileEncoding = 4; lastKnownFileType = sourcecode.c.objc; name = Common.m; path = ../Define/Define/Common.m; sourceTree = "<group>"; };
		8FF82A831E00B23B0093DD53 /* Pick_define.h */ = {isa = PBXFileReference; fileEncoding = 4; lastKnownFileType = sourcecode.c.h; name = Pick_define.h; path = Define/Pick_define.h; sourceTree = "<group>"; };
		8FF82A841E00B23B0093DD53 /* Pick_Url.h */ = {isa = PBXFileReference; fileEncoding = 4; lastKnownFileType = sourcecode.c.h; path = Pick_Url.h; sourceTree = "<group>"; };
		8FF82A881E00B25A0093DD53 /* JSONModel.h */ = {isa = PBXFileReference; fileEncoding = 4; lastKnownFileType = sourcecode.c.h; path = JSONModel.h; sourceTree = "<group>"; };
		8FF82A891E00B25A0093DD53 /* JSONModel.m */ = {isa = PBXFileReference; fileEncoding = 4; lastKnownFileType = sourcecode.c.objc; path = JSONModel.m; sourceTree = "<group>"; };
		8FF82A8A1E00B25A0093DD53 /* JSONModelArray.h */ = {isa = PBXFileReference; fileEncoding = 4; lastKnownFileType = sourcecode.c.h; path = JSONModelArray.h; sourceTree = "<group>"; };
		8FF82A8B1E00B25A0093DD53 /* JSONModelArray.m */ = {isa = PBXFileReference; fileEncoding = 4; lastKnownFileType = sourcecode.c.objc; path = JSONModelArray.m; sourceTree = "<group>"; };
		8FF82A8C1E00B25A0093DD53 /* JSONModelClassProperty.h */ = {isa = PBXFileReference; fileEncoding = 4; lastKnownFileType = sourcecode.c.h; path = JSONModelClassProperty.h; sourceTree = "<group>"; };
		8FF82A8D1E00B25A0093DD53 /* JSONModelClassProperty.m */ = {isa = PBXFileReference; fileEncoding = 4; lastKnownFileType = sourcecode.c.objc; path = JSONModelClassProperty.m; sourceTree = "<group>"; };
		8FF82A8E1E00B25A0093DD53 /* JSONModelError.h */ = {isa = PBXFileReference; fileEncoding = 4; lastKnownFileType = sourcecode.c.h; path = JSONModelError.h; sourceTree = "<group>"; };
		8FF82A8F1E00B25A0093DD53 /* JSONModelError.m */ = {isa = PBXFileReference; fileEncoding = 4; lastKnownFileType = sourcecode.c.objc; path = JSONModelError.m; sourceTree = "<group>"; };
		8FF82A911E00B25A0093DD53 /* NSArray+JSONModel.h */ = {isa = PBXFileReference; fileEncoding = 4; lastKnownFileType = sourcecode.c.h; path = "NSArray+JSONModel.h"; sourceTree = "<group>"; };
		8FF82A921E00B25A0093DD53 /* NSArray+JSONModel.m */ = {isa = PBXFileReference; fileEncoding = 4; lastKnownFileType = sourcecode.c.objc; path = "NSArray+JSONModel.m"; sourceTree = "<group>"; };
		8FF82A931E00B25A0093DD53 /* JSONModelLib.h */ = {isa = PBXFileReference; fileEncoding = 4; lastKnownFileType = sourcecode.c.h; path = JSONModelLib.h; sourceTree = "<group>"; };
		8FF82A951E00B25A0093DD53 /* JSONAPI.h */ = {isa = PBXFileReference; fileEncoding = 4; lastKnownFileType = sourcecode.c.h; path = JSONAPI.h; sourceTree = "<group>"; };
		8FF82A961E00B25A0093DD53 /* JSONAPI.m */ = {isa = PBXFileReference; fileEncoding = 4; lastKnownFileType = sourcecode.c.objc; path = JSONAPI.m; sourceTree = "<group>"; };
		8FF82A971E00B25A0093DD53 /* JSONHTTPClient.h */ = {isa = PBXFileReference; fileEncoding = 4; lastKnownFileType = sourcecode.c.h; path = JSONHTTPClient.h; sourceTree = "<group>"; };
		8FF82A981E00B25A0093DD53 /* JSONHTTPClient.m */ = {isa = PBXFileReference; fileEncoding = 4; lastKnownFileType = sourcecode.c.objc; path = JSONHTTPClient.m; sourceTree = "<group>"; };
		8FF82A991E00B25A0093DD53 /* JSONModel+networking.h */ = {isa = PBXFileReference; fileEncoding = 4; lastKnownFileType = sourcecode.c.h; path = "JSONModel+networking.h"; sourceTree = "<group>"; };
		8FF82A9A1E00B25A0093DD53 /* JSONModel+networking.m */ = {isa = PBXFileReference; fileEncoding = 4; lastKnownFileType = sourcecode.c.objc; path = "JSONModel+networking.m"; sourceTree = "<group>"; };
		8FF82A9C1E00B25A0093DD53 /* JSONKeyMapper.h */ = {isa = PBXFileReference; fileEncoding = 4; lastKnownFileType = sourcecode.c.h; path = JSONKeyMapper.h; sourceTree = "<group>"; };
		8FF82A9D1E00B25A0093DD53 /* JSONKeyMapper.m */ = {isa = PBXFileReference; fileEncoding = 4; lastKnownFileType = sourcecode.c.objc; path = JSONKeyMapper.m; sourceTree = "<group>"; };
		8FF82A9E1E00B25A0093DD53 /* JSONValueTransformer.h */ = {isa = PBXFileReference; fileEncoding = 4; lastKnownFileType = sourcecode.c.h; path = JSONValueTransformer.h; sourceTree = "<group>"; };
		8FF82A9F1E00B25A0093DD53 /* JSONValueTransformer.m */ = {isa = PBXFileReference; fileEncoding = 4; lastKnownFileType = sourcecode.c.objc; path = JSONValueTransformer.m; sourceTree = "<group>"; };
		8FF82AAC1E00B2640093DD53 /* MBProgressHUD.h */ = {isa = PBXFileReference; fileEncoding = 4; lastKnownFileType = sourcecode.c.h; path = MBProgressHUD.h; sourceTree = "<group>"; };
		8FF82AAD1E00B2640093DD53 /* MBProgressHUD.m */ = {isa = PBXFileReference; fileEncoding = 4; lastKnownFileType = sourcecode.c.objc; path = MBProgressHUD.m; sourceTree = "<group>"; };
		8FF82AAE1E00B2640093DD53 /* YLAutoLayOut.h */ = {isa = PBXFileReference; fileEncoding = 4; lastKnownFileType = sourcecode.c.h; path = YLAutoLayOut.h; sourceTree = "<group>"; };
		8FF82AAF1E00B2640093DD53 /* YLAutoLayOut.m */ = {isa = PBXFileReference; fileEncoding = 4; lastKnownFileType = sourcecode.c.objc; path = YLAutoLayOut.m; sourceTree = "<group>"; };
		8FF82AB61E00B2A50093DD53 /* UIView+Frame.h */ = {isa = PBXFileReference; fileEncoding = 4; lastKnownFileType = sourcecode.c.h; path = "UIView+Frame.h"; sourceTree = "<group>"; };
		8FF82AB71E00B2A50093DD53 /* UIView+Frame.m */ = {isa = PBXFileReference; fileEncoding = 4; lastKnownFileType = sourcecode.c.objc; path = "UIView+Frame.m"; sourceTree = "<group>"; };
		8FF82AB91E00B4040093DD53 /* RootViewController.h */ = {isa = PBXFileReference; fileEncoding = 4; lastKnownFileType = sourcecode.c.h; path = RootViewController.h; sourceTree = "<group>"; };
		8FF82ABA1E00B4040093DD53 /* RootViewController.m */ = {isa = PBXFileReference; fileEncoding = 4; lastKnownFileType = sourcecode.c.objc; path = RootViewController.m; sourceTree = "<group>"; };
		913B3C5ADC0105B16A353EA4 /* Pods-pick_helper.debug.xcconfig */ = {isa = PBXFileReference; includeInIndex = 1; lastKnownFileType = text.xcconfig; name = "Pods-pick_helper.debug.xcconfig"; path = "Pods/Target Support Files/Pods-pick_helper/Pods-pick_helper.debug.xcconfig"; sourceTree = "<group>"; };
/* End PBXFileReference section */

/* Begin PBXFrameworksBuildPhase section */
		8F8B3E911E00593700D6A104 /* Frameworks */ = {
			isa = PBXFrameworksBuildPhase;
			buildActionMask = 2147483647;
			files = (
				1B58F0428FBD233946BFE5C6 /* libPods-pick_helper.a in Frameworks */,
			);
			runOnlyForDeploymentPostprocessing = 0;
		};
		8F8B3EAA1E00593700D6A104 /* Frameworks */ = {
			isa = PBXFrameworksBuildPhase;
			buildActionMask = 2147483647;
			files = (
			);
			runOnlyForDeploymentPostprocessing = 0;
		};
		8F8B3EB51E00593700D6A104 /* Frameworks */ = {
			isa = PBXFrameworksBuildPhase;
			buildActionMask = 2147483647;
			files = (
			);
			runOnlyForDeploymentPostprocessing = 0;
		};
/* End PBXFrameworksBuildPhase section */

/* Begin PBXGroup section */
		4B32FAD65B1046FD59EC4DA7 /* Frameworks */ = {
			isa = PBXGroup;
			children = (
				836F33F8321D1C1750564C35 /* libPods-pick_helper.a */,
			);
			name = Frameworks;
			sourceTree = "<group>";
		};
		8F526F021E009F1000AB2350 /* @2x */ = {
			isa = PBXGroup;
			children = (
				8F6627401E030A7500C3D897 /* weight_nor@2x.png */,
				8F6627411E030A7500C3D897 /* weight_sel@2x.png */,
				8F6627421E030A7500C3D897 /* ruku@2x.png */,
				8F6627431E030A7500C3D897 /* jieshou@2x.png */,
				8F6627441E030A7500C3D897 /* jianru@2x.png */,
				8F6627451E030A7500C3D897 /* wancheng@2x.png */,
				8F6627461E030A7500C3D897 /* finish@2x.png */,
				8F6627471E030A7500C3D897 /* jianchu@2x.png */,
				8F526F3A1E009F8D00AB2350 /* hui@2x_05.png */,
				8F526F361E009F7C00AB2350 /* hui@2x_03.png */,
				8F526F031E009F1000AB2350 /* add_sel@2x.png */,
				8F526F041E009F1000AB2350 /* lose_sel@2x.png */,
				8F526F051E009F1000AB2350 /* @2x_19.png */,
				8F526F061E009F1000AB2350 /* add_btn@2x.png */,
				8F526F071E009F1000AB2350 /* animation_img.gif */,
				8F526F081E009F1000AB2350 /* duigou@2x.png */,
				8F526F091E009F1000AB2350 /* finished_logo@2x.png */,
				8F526F0A1E009F1000AB2350 /* logo@2x.png */,
				8F526F0B1E009F1000AB2350 /* lose_btn@2x.png */,
				8F526F0C1E009F1000AB2350 /* name@2x.png */,
				8F526F0D1E009F1000AB2350 /* password@2x.png */,
				8F526F0E1E009F1000AB2350 /* user@2x.png */,
			);
			path = "@2x";
			sourceTree = "<group>";
		};
		8F526F0F1E009F1000AB2350 /* @3x */ = {
			isa = PBXGroup;
			children = (
				8F6627501E030A7E00C3D897 /* weight_nor@3x.png */,
				8F6627511E030A7E00C3D897 /* weight_sel@3x.png */,
				8F6627521E030A7E00C3D897 /* ruku@3x.png */,
				8F6627531E030A7E00C3D897 /* jieshou@3x.png */,
				8F6627541E030A7E00C3D897 /* jianru@3x.png */,
				8F6627551E030A7E00C3D897 /* wancheng@3x.png */,
				8F6627561E030A7E00C3D897 /* finish@3x.png */,
				8F6627571E030A7E00C3D897 /* jianchu@3x.png */,
				8F526F381E009F8900AB2350 /* hui@3x_05.png */,
				8F526F341E009F7800AB2350 /* hui@3x_03.png */,
				8F526F101E009F1000AB2350 /* add_sel@3x.png */,
				8F526F111E009F1000AB2350 /* lose_sel@3x.png */,
				8F526F121E009F1000AB2350 /* @3x_19.png */,
				8F526F131E009F1000AB2350 /* add_btn@3x.png */,
				8F526F141E009F1000AB2350 /* animation_img.gif */,
				8F526F151E009F1000AB2350 /* duigou@3x.png */,
				8F526F161E009F1000AB2350 /* finished_logo@3x.png */,
				8F526F171E009F1000AB2350 /* logo@3x.png */,
				8F526F181E009F1000AB2350 /* lose_btn@3x.png */,
				8F526F191E009F1000AB2350 /* name@3x.png */,
				8F526F1A1E009F1000AB2350 /* password@3x.png */,
				8F526F1B1E009F1000AB2350 /* user@3x.png */,
			);
			path = "@3x";
			sourceTree = "<group>";
		};
		8F526F3C1E00A34400AB2350 /* 入库 */ = {
			isa = PBXGroup;
			children = (
				8F66273A1E03089900C3D897 /* 进行入库 */,
				8F66273B1E03089900C3D897 /* 开始称重 */,
				8F66273C1E03089900C3D897 /* 领取任务 */,
				8F526F3D1E00A34400AB2350 /* 入库完成 */,
			);
			path = "入库";
			sourceTree = "<group>";
		};
		8F526F3D1E00A34400AB2350 /* 入库完成 */ = {
			isa = PBXGroup;
			children = (
			);
			name = "入库完成";
			path = "pick_helper/ViewController/入库完成";
			sourceTree = SOURCE_ROOT;
		};
		8F526F3E1E00A34400AB2350 /* 出库 */ = {
			isa = PBXGroup;
			children = (
				8F526F3F1E00A34400AB2350 /* 出库完成 */,
			);
			path = "出库";
			sourceTree = "<group>";
		};
		8F526F3F1E00A34400AB2350 /* 出库完成 */ = {
			isa = PBXGroup;
			children = (
			);
			name = "出库完成";
			path = "pick_helper/ViewController/出库完成";
			sourceTree = SOURCE_ROOT;
		};
		8F526F401E00A34400AB2350 /* 登录 */ = {
			isa = PBXGroup;
			children = (
				8F2CA1881E00B5E800782BEF /* LoginViewController.h */,
				8F2CA1891E00B5E800782BEF /* LoginViewController.m */,
			);
			path = "登录";
			sourceTree = "<group>";
		};
		8F526F411E00A34400AB2350 /* 等待 */ = {
			isa = PBXGroup;
			children = (
				8F180CF41E01BBC90067E28E /* WaitingViewController.h */,
				8F180CF51E01BBC90067E28E /* WaitingViewController.m */,
			);
			path = "等待";
			sourceTree = "<group>";
		};
		8F66273A1E03089900C3D897 /* 进行入库 */ = {
			isa = PBXGroup;
			children = (
				8F66273D1E0308FA00C3D897 /* PickingInViewController.h */,
				8F66273E1E0308FA00C3D897 /* PickingInViewController.m */,
			);
			name = "进行入库";
			path = "入库";
			sourceTree = "<group>";
		};
		8F66273B1E03089900C3D897 /* 开始称重 */ = {
			isa = PBXGroup;
			children = (
				8F6627601E035CCE00C3D897 /* WeightViewController.h */,
				8F6627611E035CCE00C3D897 /* WeightViewController.m */,
				8F6627631E03608B00C3D897 /* WeightModel.h */,
				8F6627641E03608B00C3D897 /* WeightModel.m */,
				8F6627661E0361BA00C3D897 /* WeightViewCell.h */,
				8F6627671E0361BA00C3D897 /* WeightViewCell.m */,
			);
			name = "开始称重";
			path = "称重";
			sourceTree = "<group>";
		};
		8F66273C1E03089900C3D897 /* 领取任务 */ = {
			isa = PBXGroup;
			children = (
			);
			path = "领取任务";
			sourceTree = "<group>";
		};
		8F8B3E8B1E00593700D6A104 = {
			isa = PBXGroup;
			children = (
				8F8B3E961E00593700D6A104 /* pick_helper */,
				8F8B3EB01E00593700D6A104 /* pick_helperTests */,
				8F8B3EBB1E00593700D6A104 /* pick_helperUITests */,
				8F8B3E951E00593700D6A104 /* Products */,
				D74DD00008B6970B639506CE /* Pods */,
				4B32FAD65B1046FD59EC4DA7 /* Frameworks */,
			);
			sourceTree = "<group>";
		};
		8F8B3E951E00593700D6A104 /* Products */ = {
			isa = PBXGroup;
			children = (
				8F8B3E941E00593700D6A104 /* pick_helper.app */,
				8F8B3EAD1E00593700D6A104 /* pick_helperTests.xctest */,
				8F8B3EB81E00593700D6A104 /* pick_helperUITests.xctest */,
			);
			name = Products;
			sourceTree = "<group>";
		};
		8F8B3E961E00593700D6A104 /* pick_helper */ = {
			isa = PBXGroup;
			children = (
				8F8B3ECA1E005CF800D6A104 /* Catagory */,
				8F8B3ECB1E005CF800D6A104 /* Define */,
				8F8B3ECC1E005CF800D6A104 /* Lib */,
				8F8B3ECD1E005CF800D6A104 /* Manager */,
				8F8B3ECE1E005CF800D6A104 /* Resource */,
				8F8B3ECF1E005CF800D6A104 /* Utilities */,
				8F8B3ED01E005CF800D6A104 /* ViewController */,
			);
			path = pick_helper;
			sourceTree = "<group>";
		};
		8F8B3E971E00593700D6A104 /* Supporting Files */ = {
			isa = PBXGroup;
			children = (
				8FF82A571E00B0810093DD53 /* pch.pch */,
				8F8B3E9A1E00593700D6A104 /* AppDelegate.h */,
				8F8B3E9B1E00593700D6A104 /* AppDelegate.m */,
				8F8B3EA01E00593700D6A104 /* Main.storyboard */,
				8F8B3EA31E00593700D6A104 /* Assets.xcassets */,
				8F8B3EA51E00593700D6A104 /* LaunchScreen.storyboard */,
				8F8B3EA81E00593700D6A104 /* Info.plist */,
				8F8B3E981E00593700D6A104 /* main.m */,
			);
			name = "Supporting Files";
			path = ../pick_helper;
			sourceTree = "<group>";
		};
		8F8B3EB01E00593700D6A104 /* pick_helperTests */ = {
			isa = PBXGroup;
			children = (
				8F8B3E971E00593700D6A104 /* Supporting Files */,
				8F8B3EB11E00593700D6A104 /* pick_helperTests.m */,
				8F8B3EB31E00593700D6A104 /* Info.plist */,
			);
			path = pick_helperTests;
			sourceTree = "<group>";
		};
		8F8B3EBB1E00593700D6A104 /* pick_helperUITests */ = {
			isa = PBXGroup;
			children = (
				8F8B3EBC1E00593700D6A104 /* pick_helperUITests.m */,
				8F8B3EBE1E00593700D6A104 /* Info.plist */,
			);
			path = pick_helperUITests;
			sourceTree = "<group>";
		};
		8F8B3ECA1E005CF800D6A104 /* Catagory */ = {
			isa = PBXGroup;
			children = (
				8FF82A811E00B23B0093DD53 /* Common.h */,
				8FF82A821E00B23B0093DD53 /* Common.m */,
				8FF82A5A1E00B1FF0093DD53 /* ButtonSize.h */,
				8FF82A5B1E00B1FF0093DD53 /* ButtonSize.m */,
				8FF82A5C1E00B1FF0093DD53 /* NSDate+Extension.h */,
				8FF82A5D1E00B1FF0093DD53 /* NSDate+Extension.m */,
				8FF82A5E1E00B1FF0093DD53 /* NSString+PJR.h */,
				8FF82A5F1E00B1FF0093DD53 /* NSString+PJR.m */,
				8FF82A601E00B1FF0093DD53 /* Tools.h */,
				8FF82A611E00B1FF0093DD53 /* Tools.m */,
				8FF82A621E00B1FF0093DD53 /* UIBarButtonItem+Extesion.h */,
				8FF82A631E00B1FF0093DD53 /* UIBarButtonItem+Extesion.m */,
				8FF82A641E00B1FF0093DD53 /* UIColor+RandomColor.h */,
				8FF82A651E00B1FF0093DD53 /* UIColor+RandomColor.m */,
				8FF82A661E00B1FF0093DD53 /* UIImage+Extesion.h */,
				8FF82A671E00B1FF0093DD53 /* UIImage+Extesion.m */,
				8FF82A681E00B1FF0093DD53 /* UILabel+Extension.h */,
				8FF82A691E00B1FF0093DD53 /* UILabel+Extension.m */,
				8FF82A6A1E00B1FF0093DD53 /* UILabel+LXAdd.h */,
				8FF82A6B1E00B1FF0093DD53 /* UILabel+LXAdd.m */,
				8FF82A6C1E00B1FF0093DD53 /* UIView+Extesion.h */,
				8FF82A6D1E00B1FF0093DD53 /* UIView+Extesion.m */,
				8FF82A6E1E00B1FF0093DD53 /* UIViewController+Extension.h */,
				8FF82A6F1E00B1FF0093DD53 /* UIViewController+Extension.m */,
			);
			path = Catagory;
			sourceTree = "<group>";
		};
		8F8B3ECB1E005CF800D6A104 /* Define */ = {
			isa = PBXGroup;
			children = (
				8FF82A7F1E00B23B0093DD53 /* Pick_Color.h */,
				8FF82A841E00B23B0093DD53 /* Pick_Url.h */,
				8FF82A831E00B23B0093DD53 /* Pick_define.h */,
				8FF82A7E1E00B21B0093DD53 /* StringConstants.h */,
			);
			path = Define;
			sourceTree = "<group>";
		};
		8F8B3ECC1E005CF800D6A104 /* Lib */ = {
			isa = PBXGroup;
			children = (
				8F180CF71E01C5A80067E28E /* GifView.h */,
				8F180CF81E01C5A80067E28E /* GifView.m */,
				8FF82AAB1E00B2640093DD53 /* ProgressHUD */,
				8FF82AB51E00B2A50093DD53 /* UIView+Frame */,
				8FF82AAA1E00B2640093DD53 /* 适配方案 */,
				8FF82A861E00B25A0093DD53 /* JSONModel */,
			);
			path = Lib;
			sourceTree = "<group>";
		};
		8F8B3ECD1E005CF800D6A104 /* Manager */ = {
			isa = PBXGroup;
			children = (
				8F11FEF71E00FC660016E563 /* PickerNetManager.h */,
				8F11FEF81E00FC660016E563 /* PickerNetManager.m */,
			);
			path = Manager;
			sourceTree = "<group>";
		};
		8F8B3ECE1E005CF800D6A104 /* Resource */ = {
			isa = PBXGroup;
			children = (
				8FDABD171E0208BD00EEA8DB /* waiting.gif */,
				8F526F021E009F1000AB2350 /* @2x */,
				8F526F0F1E009F1000AB2350 /* @3x */,
			);
			path = Resource;
			sourceTree = "<group>";
		};
		8F8B3ECF1E005CF800D6A104 /* Utilities */ = {
			isa = PBXGroup;
			children = (
			);
			path = Utilities;
			sourceTree = "<group>";
		};
		8F8B3ED01E005CF800D6A104 /* ViewController */ = {
			isa = PBXGroup;
			children = (
				8F526F401E00A34400AB2350 /* 登录 */,
				8F526F411E00A34400AB2350 /* 等待 */,
				8F526F3C1E00A34400AB2350 /* 入库 */,
				8F526F3E1E00A34400AB2350 /* 出库 */,
				8FF82AB91E00B4040093DD53 /* RootViewController.h */,
				8FF82ABA1E00B4040093DD53 /* RootViewController.m */,
			);
			path = ViewController;
			sourceTree = "<group>";
		};
		8FF82A861E00B25A0093DD53 /* JSONModel */ = {
			isa = PBXGroup;
			children = (
				8FF82A871E00B25A0093DD53 /* JSONModel */,
				8FF82A901E00B25A0093DD53 /* JSONModelCategories */,
				8FF82A931E00B25A0093DD53 /* JSONModelLib.h */,
				8FF82A941E00B25A0093DD53 /* JSONModelNetworking */,
				8FF82A9B1E00B25A0093DD53 /* JSONModelTransformations */,
			);
			path = JSONModel;
			sourceTree = "<group>";
		};
		8FF82A871E00B25A0093DD53 /* JSONModel */ = {
			isa = PBXGroup;
			children = (
				8FF82A881E00B25A0093DD53 /* JSONModel.h */,
				8FF82A891E00B25A0093DD53 /* JSONModel.m */,
				8FF82A8A1E00B25A0093DD53 /* JSONModelArray.h */,
				8FF82A8B1E00B25A0093DD53 /* JSONModelArray.m */,
				8FF82A8C1E00B25A0093DD53 /* JSONModelClassProperty.h */,
				8FF82A8D1E00B25A0093DD53 /* JSONModelClassProperty.m */,
				8FF82A8E1E00B25A0093DD53 /* JSONModelError.h */,
				8FF82A8F1E00B25A0093DD53 /* JSONModelError.m */,
			);
			path = JSONModel;
			sourceTree = "<group>";
		};
		8FF82A901E00B25A0093DD53 /* JSONModelCategories */ = {
			isa = PBXGroup;
			children = (
				8FF82A911E00B25A0093DD53 /* NSArray+JSONModel.h */,
				8FF82A921E00B25A0093DD53 /* NSArray+JSONModel.m */,
			);
			path = JSONModelCategories;
			sourceTree = "<group>";
		};
		8FF82A941E00B25A0093DD53 /* JSONModelNetworking */ = {
			isa = PBXGroup;
			children = (
				8FF82A951E00B25A0093DD53 /* JSONAPI.h */,
				8FF82A961E00B25A0093DD53 /* JSONAPI.m */,
				8FF82A971E00B25A0093DD53 /* JSONHTTPClient.h */,
				8FF82A981E00B25A0093DD53 /* JSONHTTPClient.m */,
				8FF82A991E00B25A0093DD53 /* JSONModel+networking.h */,
				8FF82A9A1E00B25A0093DD53 /* JSONModel+networking.m */,
			);
			path = JSONModelNetworking;
			sourceTree = "<group>";
		};
		8FF82A9B1E00B25A0093DD53 /* JSONModelTransformations */ = {
			isa = PBXGroup;
			children = (
				8FF82A9C1E00B25A0093DD53 /* JSONKeyMapper.h */,
				8FF82A9D1E00B25A0093DD53 /* JSONKeyMapper.m */,
				8FF82A9E1E00B25A0093DD53 /* JSONValueTransformer.h */,
				8FF82A9F1E00B25A0093DD53 /* JSONValueTransformer.m */,
			);
			path = JSONModelTransformations;
			sourceTree = "<group>";
		};
		8FF82AAA1E00B2640093DD53 /* 适配方案 */ = {
			isa = PBXGroup;
			children = (
				8FF82AAE1E00B2640093DD53 /* YLAutoLayOut.h */,
				8FF82AAF1E00B2640093DD53 /* YLAutoLayOut.m */,
			);
			name = "适配方案";
			path = "JSONModel/适配方案";
			sourceTree = "<group>";
		};
		8FF82AAB1E00B2640093DD53 /* ProgressHUD */ = {
			isa = PBXGroup;
			children = (
				8FF82AAC1E00B2640093DD53 /* MBProgressHUD.h */,
				8FF82AAD1E00B2640093DD53 /* MBProgressHUD.m */,
			);
			name = ProgressHUD;
			path = "JSONModel/适配方案/ProgressHUD";
			sourceTree = "<group>";
		};
		8FF82AB51E00B2A50093DD53 /* UIView+Frame */ = {
			isa = PBXGroup;
			children = (
				8FF82AB61E00B2A50093DD53 /* UIView+Frame.h */,
				8FF82AB71E00B2A50093DD53 /* UIView+Frame.m */,
			);
			path = "UIView+Frame";
			sourceTree = "<group>";
		};
		D74DD00008B6970B639506CE /* Pods */ = {
			isa = PBXGroup;
			children = (
				913B3C5ADC0105B16A353EA4 /* Pods-pick_helper.debug.xcconfig */,
				6EB3557241384EFA845014FC /* Pods-pick_helper.release.xcconfig */,
			);
			name = Pods;
			sourceTree = "<group>";
		};
/* End PBXGroup section */

/* Begin PBXNativeTarget section */
		8F8B3E931E00593700D6A104 /* pick_helper */ = {
			isa = PBXNativeTarget;
			buildConfigurationList = 8F8B3EC11E00593700D6A104 /* Build configuration list for PBXNativeTarget "pick_helper" */;
			buildPhases = (
				87B7012B67E9643FDD5FEF85 /* [CP] Check Pods Manifest.lock */,
				8F8B3E901E00593700D6A104 /* Sources */,
				8F8B3E911E00593700D6A104 /* Frameworks */,
				8F8B3E921E00593700D6A104 /* Resources */,
				A2C132A1D6D448CDF233B605 /* [CP] Embed Pods Frameworks */,
				28251AB0AD602199440B535A /* [CP] Copy Pods Resources */,
			);
			buildRules = (
			);
			dependencies = (
			);
			name = pick_helper;
			productName = pick_helper;
			productReference = 8F8B3E941E00593700D6A104 /* pick_helper.app */;
			productType = "com.apple.product-type.application";
		};
		8F8B3EAC1E00593700D6A104 /* pick_helperTests */ = {
			isa = PBXNativeTarget;
			buildConfigurationList = 8F8B3EC41E00593700D6A104 /* Build configuration list for PBXNativeTarget "pick_helperTests" */;
			buildPhases = (
				8F8B3EA91E00593700D6A104 /* Sources */,
				8F8B3EAA1E00593700D6A104 /* Frameworks */,
				8F8B3EAB1E00593700D6A104 /* Resources */,
			);
			buildRules = (
			);
			dependencies = (
				8F8B3EAF1E00593700D6A104 /* PBXTargetDependency */,
			);
			name = pick_helperTests;
			productName = pick_helperTests;
			productReference = 8F8B3EAD1E00593700D6A104 /* pick_helperTests.xctest */;
			productType = "com.apple.product-type.bundle.unit-test";
		};
		8F8B3EB71E00593700D6A104 /* pick_helperUITests */ = {
			isa = PBXNativeTarget;
			buildConfigurationList = 8F8B3EC71E00593700D6A104 /* Build configuration list for PBXNativeTarget "pick_helperUITests" */;
			buildPhases = (
				8F8B3EB41E00593700D6A104 /* Sources */,
				8F8B3EB51E00593700D6A104 /* Frameworks */,
				8F8B3EB61E00593700D6A104 /* Resources */,
			);
			buildRules = (
			);
			dependencies = (
				8F8B3EBA1E00593700D6A104 /* PBXTargetDependency */,
			);
			name = pick_helperUITests;
			productName = pick_helperUITests;
			productReference = 8F8B3EB81E00593700D6A104 /* pick_helperUITests.xctest */;
			productType = "com.apple.product-type.bundle.ui-testing";
		};
/* End PBXNativeTarget section */

/* Begin PBXProject section */
		8F8B3E8C1E00593700D6A104 /* Project object */ = {
			isa = PBXProject;
			attributes = {
				LastUpgradeCheck = 0710;
				ORGANIZATIONNAME = "杨力";
				TargetAttributes = {
					8F8B3E931E00593700D6A104 = {
						CreatedOnToolsVersion = 7.1;
					};
					8F8B3EAC1E00593700D6A104 = {
						CreatedOnToolsVersion = 7.1;
						TestTargetID = 8F8B3E931E00593700D6A104;
					};
					8F8B3EB71E00593700D6A104 = {
						CreatedOnToolsVersion = 7.1;
						TestTargetID = 8F8B3E931E00593700D6A104;
					};
				};
			};
			buildConfigurationList = 8F8B3E8F1E00593700D6A104 /* Build configuration list for PBXProject "pick_helper" */;
			compatibilityVersion = "Xcode 3.2";
			developmentRegion = English;
			hasScannedForEncodings = 0;
			knownRegions = (
				en,
				Base,
			);
			mainGroup = 8F8B3E8B1E00593700D6A104;
			productRefGroup = 8F8B3E951E00593700D6A104 /* Products */;
			projectDirPath = "";
			projectRoot = "";
			targets = (
				8F8B3E931E00593700D6A104 /* pick_helper */,
				8F8B3EAC1E00593700D6A104 /* pick_helperTests */,
				8F8B3EB71E00593700D6A104 /* pick_helperUITests */,
			);
		};
/* End PBXProject section */

/* Begin PBXResourcesBuildPhase section */
		8F8B3E921E00593700D6A104 /* Resources */ = {
			isa = PBXResourcesBuildPhase;
			buildActionMask = 2147483647;
			files = (
				8F526F331E009F1000AB2350 /* user@3x.png in Resources */,
				8F66274B1E030A7500C3D897 /* jieshou@2x.png in Resources */,
				8F66274A1E030A7500C3D897 /* ruku@2x.png in Resources */,
				8F8B3EA71E00593700D6A104 /* LaunchScreen.storyboard in Resources */,
				8F526F2F1E009F1000AB2350 /* logo@3x.png in Resources */,
				8F526F3B1E009F8D00AB2350 /* hui@2x_05.png in Resources */,
				8F526F231E009F1000AB2350 /* logo@2x.png in Resources */,
				8F526F301E009F1000AB2350 /* lose_btn@3x.png in Resources */,
				8F526F201E009F1000AB2350 /* animation_img.gif in Resources */,
				8F526F1D1E009F1000AB2350 /* lose_sel@2x.png in Resources */,
				8F526F221E009F1000AB2350 /* finished_logo@2x.png in Resources */,
				8F526F2D1E009F1000AB2350 /* duigou@3x.png in Resources */,
				8F526F2C1E009F1000AB2350 /* animation_img.gif in Resources */,
				8F66274F1E030A7500C3D897 /* jianchu@2x.png in Resources */,
				8F66275B1E030A7E00C3D897 /* jieshou@3x.png in Resources */,
				8F66275A1E030A7E00C3D897 /* ruku@3x.png in Resources */,
				8F526F251E009F1000AB2350 /* name@2x.png in Resources */,
				8F8B3EA41E00593700D6A104 /* Assets.xcassets in Resources */,
				8F526F261E009F1000AB2350 /* password@2x.png in Resources */,
				8F526F2B1E009F1000AB2350 /* add_btn@3x.png in Resources */,
				8F526F311E009F1000AB2350 /* name@3x.png in Resources */,
				8F526F351E009F7800AB2350 /* hui@3x_03.png in Resources */,
				8F526F241E009F1000AB2350 /* lose_btn@2x.png in Resources */,
				8FDABD181E0208BD00EEA8DB /* waiting.gif in Resources */,
				8F66274D1E030A7500C3D897 /* wancheng@2x.png in Resources */,
				8F6627581E030A7E00C3D897 /* weight_nor@3x.png in Resources */,
				8F66275C1E030A7E00C3D897 /* jianru@3x.png in Resources */,
				8F526F2E1E009F1000AB2350 /* finished_logo@3x.png in Resources */,
				8F526F2A1E009F1000AB2350 /* @3x_19.png in Resources */,
				8F6627591E030A7E00C3D897 /* weight_sel@3x.png in Resources */,
				8F8B3EA21E00593700D6A104 /* Main.storyboard in Resources */,
				8F526F371E009F7C00AB2350 /* hui@2x_03.png in Resources */,
				8F526F1E1E009F1000AB2350 /* @2x_19.png in Resources */,
				8F526F1C1E009F1000AB2350 /* add_sel@2x.png in Resources */,
				8F526F281E009F1000AB2350 /* add_sel@3x.png in Resources */,
				8F66275E1E030A7E00C3D897 /* finish@3x.png in Resources */,
				8F526F271E009F1000AB2350 /* user@2x.png in Resources */,
				8F6627491E030A7500C3D897 /* weight_sel@2x.png in Resources */,
				8F66275F1E030A7E00C3D897 /* jianchu@3x.png in Resources */,
				8F526F1F1E009F1000AB2350 /* add_btn@2x.png in Resources */,
				8F526F291E009F1000AB2350 /* lose_sel@3x.png in Resources */,
				8F526F321E009F1000AB2350 /* password@3x.png in Resources */,
				8F66275D1E030A7E00C3D897 /* wancheng@3x.png in Resources */,
				8F66274E1E030A7500C3D897 /* finish@2x.png in Resources */,
				8F526F211E009F1000AB2350 /* duigou@2x.png in Resources */,
				8F6627481E030A7500C3D897 /* weight_nor@2x.png in Resources */,
				8F66274C1E030A7500C3D897 /* jianru@2x.png in Resources */,
				8F526F391E009F8900AB2350 /* hui@3x_05.png in Resources */,
			);
			runOnlyForDeploymentPostprocessing = 0;
		};
		8F8B3EAB1E00593700D6A104 /* Resources */ = {
			isa = PBXResourcesBuildPhase;
			buildActionMask = 2147483647;
			files = (
			);
			runOnlyForDeploymentPostprocessing = 0;
		};
		8F8B3EB61E00593700D6A104 /* Resources */ = {
			isa = PBXResourcesBuildPhase;
			buildActionMask = 2147483647;
			files = (
			);
			runOnlyForDeploymentPostprocessing = 0;
		};
/* End PBXResourcesBuildPhase section */

/* Begin PBXShellScriptBuildPhase section */
		28251AB0AD602199440B535A /* [CP] Copy Pods Resources */ = {
			isa = PBXShellScriptBuildPhase;
			buildActionMask = 2147483647;
			files = (
			);
			inputPaths = (
			);
			name = "[CP] Copy Pods Resources";
			outputPaths = (
			);
			runOnlyForDeploymentPostprocessing = 0;
			shellPath = /bin/sh;
			shellScript = "\"${SRCROOT}/Pods/Target Support Files/Pods-pick_helper/Pods-pick_helper-resources.sh\"\n";
			showEnvVarsInLog = 0;
		};
		87B7012B67E9643FDD5FEF85 /* [CP] Check Pods Manifest.lock */ = {
			isa = PBXShellScriptBuildPhase;
			buildActionMask = 2147483647;
			files = (
			);
			inputPaths = (
			);
			name = "[CP] Check Pods Manifest.lock";
			outputPaths = (
			);
			runOnlyForDeploymentPostprocessing = 0;
			shellPath = /bin/sh;
			shellScript = "diff \"${PODS_ROOT}/../Podfile.lock\" \"${PODS_ROOT}/Manifest.lock\" > /dev/null\nif [ $? != 0 ] ; then\n    # print error to STDERR\n    echo \"error: The sandbox is not in sync with the Podfile.lock. Run 'pod install' or update your CocoaPods installation.\" >&2\n    exit 1\nfi\n";
			showEnvVarsInLog = 0;
		};
		A2C132A1D6D448CDF233B605 /* [CP] Embed Pods Frameworks */ = {
			isa = PBXShellScriptBuildPhase;
			buildActionMask = 2147483647;
			files = (
			);
			inputPaths = (
			);
			name = "[CP] Embed Pods Frameworks";
			outputPaths = (
			);
			runOnlyForDeploymentPostprocessing = 0;
			shellPath = /bin/sh;
			shellScript = "\"${SRCROOT}/Pods/Target Support Files/Pods-pick_helper/Pods-pick_helper-frameworks.sh\"\n";
			showEnvVarsInLog = 0;
		};
/* End PBXShellScriptBuildPhase section */

/* Begin PBXSourcesBuildPhase section */
		8F8B3E901E00593700D6A104 /* Sources */ = {
			isa = PBXSourcesBuildPhase;
			buildActionMask = 2147483647;
			files = (
				8F180CF61E01BBC90067E28E /* WaitingViewController.m in Sources */,
				8FF82AA61E00B25A0093DD53 /* JSONHTTPClient.m in Sources */,
				8FF82A781E00B1FF0093DD53 /* UIColor+RandomColor.m in Sources */,
				8FF82A791E00B1FF0093DD53 /* UIImage+Extesion.m in Sources */,
				8FF82AA41E00B25A0093DD53 /* NSArray+JSONModel.m in Sources */,
				8FF82AA81E00B25A0093DD53 /* JSONKeyMapper.m in Sources */,
				8F6627621E035CCF00C3D897 /* WeightViewController.m in Sources */,
				8FF82A741E00B1FF0093DD53 /* NSDate+Extension.m in Sources */,
				8FF82A7C1E00B1FF0093DD53 /* UIView+Extesion.m in Sources */,
				8FF82AB11E00B2640093DD53 /* YLAutoLayOut.m in Sources */,
				8F8B3E9C1E00593700D6A104 /* AppDelegate.m in Sources */,
				8FF82AA11E00B25A0093DD53 /* JSONModelArray.m in Sources */,
				8FF82A751E00B1FF0093DD53 /* NSString+PJR.m in Sources */,
				8FF82AA51E00B25A0093DD53 /* JSONAPI.m in Sources */,
				8FF82AA91E00B25A0093DD53 /* JSONValueTransformer.m in Sources */,
				8F2CA18A1E00B5E800782BEF /* LoginViewController.m in Sources */,
				8FF82A851E00B23B0093DD53 /* Common.m in Sources */,
				8F6627651E03608B00C3D897 /* WeightModel.m in Sources */,
				8F6627681E0361BA00C3D897 /* WeightViewCell.m in Sources */,
				8F11FEF91E00FC660016E563 /* PickerNetManager.m in Sources */,
				8FF82A771E00B1FF0093DD53 /* UIBarButtonItem+Extesion.m in Sources */,
				8FF82AA21E00B25A0093DD53 /* JSONModelClassProperty.m in Sources */,
				8FF82A761E00B1FF0093DD53 /* Tools.m in Sources */,
				8FF82AA01E00B25A0093DD53 /* JSONModel.m in Sources */,
				8F180CF91E01C5A80067E28E /* GifView.m in Sources */,
				8FF82AB01E00B2640093DD53 /* MBProgressHUD.m in Sources */,
				8FF82AA31E00B25A0093DD53 /* JSONModelError.m in Sources */,
				8FF82ABB1E00B4040093DD53 /* RootViewController.m in Sources */,
				8FF82A731E00B1FF0093DD53 /* ButtonSize.m in Sources */,
				8FF82AA71E00B25A0093DD53 /* JSONModel+networking.m in Sources */,
				8FF82A7B1E00B1FF0093DD53 /* UILabel+LXAdd.m in Sources */,
				8FF82AB81E00B2A50093DD53 /* UIView+Frame.m in Sources */,
				8FF82A7A1E00B1FF0093DD53 /* UILabel+Extension.m in Sources */,
				8F66273F1E0308FA00C3D897 /* PickingInViewController.m in Sources */,
				8F8B3E991E00593700D6A104 /* main.m in Sources */,
				8FF82A7D1E00B1FF0093DD53 /* UIViewController+Extension.m in Sources */,
			);
			runOnlyForDeploymentPostprocessing = 0;
		};
		8F8B3EA91E00593700D6A104 /* Sources */ = {
			isa = PBXSourcesBuildPhase;
			buildActionMask = 2147483647;
			files = (
				8F8B3EB21E00593700D6A104 /* pick_helperTests.m in Sources */,
			);
			runOnlyForDeploymentPostprocessing = 0;
		};
		8F8B3EB41E00593700D6A104 /* Sources */ = {
			isa = PBXSourcesBuildPhase;
			buildActionMask = 2147483647;
			files = (
				8F8B3EBD1E00593700D6A104 /* pick_helperUITests.m in Sources */,
			);
			runOnlyForDeploymentPostprocessing = 0;
		};
/* End PBXSourcesBuildPhase section */

/* Begin PBXTargetDependency section */
		8F8B3EAF1E00593700D6A104 /* PBXTargetDependency */ = {
			isa = PBXTargetDependency;
			target = 8F8B3E931E00593700D6A104 /* pick_helper */;
			targetProxy = 8F8B3EAE1E00593700D6A104 /* PBXContainerItemProxy */;
		};
		8F8B3EBA1E00593700D6A104 /* PBXTargetDependency */ = {
			isa = PBXTargetDependency;
			target = 8F8B3E931E00593700D6A104 /* pick_helper */;
			targetProxy = 8F8B3EB91E00593700D6A104 /* PBXContainerItemProxy */;
		};
/* End PBXTargetDependency section */

/* Begin PBXVariantGroup section */
		8F8B3EA01E00593700D6A104 /* Main.storyboard */ = {
			isa = PBXVariantGroup;
			children = (
				8F8B3EA11E00593700D6A104 /* Base */,
			);
			name = Main.storyboard;
			sourceTree = "<group>";
		};
		8F8B3EA51E00593700D6A104 /* LaunchScreen.storyboard */ = {
			isa = PBXVariantGroup;
			children = (
				8F8B3EA61E00593700D6A104 /* Base */,
			);
			name = LaunchScreen.storyboard;
			sourceTree = "<group>";
		};
/* End PBXVariantGroup section */

/* Begin XCBuildConfiguration section */
		8F8B3EBF1E00593700D6A104 /* Debug */ = {
			isa = XCBuildConfiguration;
			buildSettings = {
				ALWAYS_SEARCH_USER_PATHS = NO;
				CLANG_CXX_LANGUAGE_STANDARD = "gnu++0x";
				CLANG_CXX_LIBRARY = "libc++";
				CLANG_ENABLE_MODULES = YES;
				CLANG_ENABLE_OBJC_ARC = YES;
				CLANG_WARN_BOOL_CONVERSION = YES;
				CLANG_WARN_CONSTANT_CONVERSION = YES;
				CLANG_WARN_DIRECT_OBJC_ISA_USAGE = YES_ERROR;
				CLANG_WARN_EMPTY_BODY = YES;
				CLANG_WARN_ENUM_CONVERSION = YES;
				CLANG_WARN_INT_CONVERSION = YES;
				CLANG_WARN_OBJC_ROOT_CLASS = YES_ERROR;
				CLANG_WARN_UNREACHABLE_CODE = YES;
				CLANG_WARN__DUPLICATE_METHOD_MATCH = YES;
				"CODE_SIGN_IDENTITY[sdk=iphoneos*]" = "iPhone Developer";
				COPY_PHASE_STRIP = NO;
				DEBUG_INFORMATION_FORMAT = dwarf;
				ENABLE_STRICT_OBJC_MSGSEND = YES;
				ENABLE_TESTABILITY = YES;
				GCC_C_LANGUAGE_STANDARD = gnu99;
				GCC_DYNAMIC_NO_PIC = NO;
				GCC_NO_COMMON_BLOCKS = YES;
				GCC_OPTIMIZATION_LEVEL = 0;
				GCC_PREPROCESSOR_DEFINITIONS = (
					"DEBUG=1",
					"$(inherited)",
				);
				GCC_WARN_64_TO_32_BIT_CONVERSION = YES;
				GCC_WARN_ABOUT_RETURN_TYPE = YES_ERROR;
				GCC_WARN_UNDECLARED_SELECTOR = YES;
				GCC_WARN_UNINITIALIZED_AUTOS = YES_AGGRESSIVE;
				GCC_WARN_UNUSED_FUNCTION = YES;
				GCC_WARN_UNUSED_VARIABLE = YES;
				IPHONEOS_DEPLOYMENT_TARGET = 9.1;
				MTL_ENABLE_DEBUG_INFO = YES;
				ONLY_ACTIVE_ARCH = YES;
				SDKROOT = iphoneos;
				TARGETED_DEVICE_FAMILY = "1,2";
			};
			name = Debug;
		};
		8F8B3EC01E00593700D6A104 /* Release */ = {
			isa = XCBuildConfiguration;
			buildSettings = {
				ALWAYS_SEARCH_USER_PATHS = NO;
				CLANG_CXX_LANGUAGE_STANDARD = "gnu++0x";
				CLANG_CXX_LIBRARY = "libc++";
				CLANG_ENABLE_MODULES = YES;
				CLANG_ENABLE_OBJC_ARC = YES;
				CLANG_WARN_BOOL_CONVERSION = YES;
				CLANG_WARN_CONSTANT_CONVERSION = YES;
				CLANG_WARN_DIRECT_OBJC_ISA_USAGE = YES_ERROR;
				CLANG_WARN_EMPTY_BODY = YES;
				CLANG_WARN_ENUM_CONVERSION = YES;
				CLANG_WARN_INT_CONVERSION = YES;
				CLANG_WARN_OBJC_ROOT_CLASS = YES_ERROR;
				CLANG_WARN_UNREACHABLE_CODE = YES;
				CLANG_WARN__DUPLICATE_METHOD_MATCH = YES;
				"CODE_SIGN_IDENTITY[sdk=iphoneos*]" = "iPhone Developer";
				COPY_PHASE_STRIP = NO;
				DEBUG_INFORMATION_FORMAT = "dwarf-with-dsym";
				ENABLE_NS_ASSERTIONS = NO;
				ENABLE_STRICT_OBJC_MSGSEND = YES;
				GCC_C_LANGUAGE_STANDARD = gnu99;
				GCC_NO_COMMON_BLOCKS = YES;
				GCC_WARN_64_TO_32_BIT_CONVERSION = YES;
				GCC_WARN_ABOUT_RETURN_TYPE = YES_ERROR;
				GCC_WARN_UNDECLARED_SELECTOR = YES;
				GCC_WARN_UNINITIALIZED_AUTOS = YES_AGGRESSIVE;
				GCC_WARN_UNUSED_FUNCTION = YES;
				GCC_WARN_UNUSED_VARIABLE = YES;
				IPHONEOS_DEPLOYMENT_TARGET = 9.1;
				MTL_ENABLE_DEBUG_INFO = NO;
				SDKROOT = iphoneos;
				TARGETED_DEVICE_FAMILY = "1,2";
				VALIDATE_PRODUCT = YES;
			};
			name = Release;
		};
		8F8B3EC21E00593700D6A104 /* Debug */ = {
			isa = XCBuildConfiguration;
			baseConfigurationReference = 913B3C5ADC0105B16A353EA4 /* Pods-pick_helper.debug.xcconfig */;
			buildSettings = {
				ASSETCATALOG_COMPILER_APPICON_NAME = AppIcon;
				GCC_PRECOMPILE_PREFIX_HEADER = NO;
				GCC_PREFIX_HEADER = "$(SRCROOT)/pch.pch";
				INFOPLIST_FILE = pick_helper/Info.plist;
				LD_RUNPATH_SEARCH_PATHS = "$(inherited) @executable_path/Frameworks";
				PRODUCT_BUNDLE_IDENTIFIER = "www.batar.cn.pick-helper";
				PRODUCT_NAME = "$(TARGET_NAME)";
			};
			name = Debug;
		};
		8F8B3EC31E00593700D6A104 /* Release */ = {
			isa = XCBuildConfiguration;
			baseConfigurationReference = 6EB3557241384EFA845014FC /* Pods-pick_helper.release.xcconfig */;
			buildSettings = {
				ASSETCATALOG_COMPILER_APPICON_NAME = AppIcon;
				GCC_PRECOMPILE_PREFIX_HEADER = NO;
				GCC_PREFIX_HEADER = "$(SRCROOT)/pch.pch";
				INFOPLIST_FILE = pick_helper/Info.plist;
				LD_RUNPATH_SEARCH_PATHS = "$(inherited) @executable_path/Frameworks";
				PRODUCT_BUNDLE_IDENTIFIER = "www.batar.cn.pick-helper";
				PRODUCT_NAME = "$(TARGET_NAME)";
			};
			name = Release;
		};
		8F8B3EC51E00593700D6A104 /* Debug */ = {
			isa = XCBuildConfiguration;
			buildSettings = {
				BUNDLE_LOADER = "$(TEST_HOST)";
				INFOPLIST_FILE = pick_helperTests/Info.plist;
				LD_RUNPATH_SEARCH_PATHS = "$(inherited) @executable_path/Frameworks @loader_path/Frameworks";
				PRODUCT_BUNDLE_IDENTIFIER = "www.batar.cn.pick-helperTests";
				PRODUCT_NAME = "$(TARGET_NAME)";
				TEST_HOST = "$(BUILT_PRODUCTS_DIR)/pick_helper.app/pick_helper";
			};
			name = Debug;
		};
		8F8B3EC61E00593700D6A104 /* Release */ = {
			isa = XCBuildConfiguration;
			buildSettings = {
				BUNDLE_LOADER = "$(TEST_HOST)";
				INFOPLIST_FILE = pick_helperTests/Info.plist;
				LD_RUNPATH_SEARCH_PATHS = "$(inherited) @executable_path/Frameworks @loader_path/Frameworks";
				PRODUCT_BUNDLE_IDENTIFIER = "www.batar.cn.pick-helperTests";
				PRODUCT_NAME = "$(TARGET_NAME)";
				TEST_HOST = "$(BUILT_PRODUCTS_DIR)/pick_helper.app/pick_helper";
			};
			name = Release;
		};
		8F8B3EC81E00593700D6A104 /* Debug */ = {
			isa = XCBuildConfiguration;
			buildSettings = {
				INFOPLIST_FILE = pick_helperUITests/Info.plist;
				LD_RUNPATH_SEARCH_PATHS = "$(inherited) @executable_path/Frameworks @loader_path/Frameworks";
				PRODUCT_BUNDLE_IDENTIFIER = "www.batar.cn.pick-helperUITests";
				PRODUCT_NAME = "$(TARGET_NAME)";
				TEST_TARGET_NAME = pick_helper;
				USES_XCTRUNNER = YES;
			};
			name = Debug;
		};
		8F8B3EC91E00593700D6A104 /* Release */ = {
			isa = XCBuildConfiguration;
			buildSettings = {
				INFOPLIST_FILE = pick_helperUITests/Info.plist;
				LD_RUNPATH_SEARCH_PATHS = "$(inherited) @executable_path/Frameworks @loader_path/Frameworks";
				PRODUCT_BUNDLE_IDENTIFIER = "www.batar.cn.pick-helperUITests";
				PRODUCT_NAME = "$(TARGET_NAME)";
				TEST_TARGET_NAME = pick_helper;
				USES_XCTRUNNER = YES;
			};
			name = Release;
		};
/* End XCBuildConfiguration section */

/* Begin XCConfigurationList section */
		8F8B3E8F1E00593700D6A104 /* Build configuration list for PBXProject "pick_helper" */ = {
			isa = XCConfigurationList;
			buildConfigurations = (
				8F8B3EBF1E00593700D6A104 /* Debug */,
				8F8B3EC01E00593700D6A104 /* Release */,
			);
			defaultConfigurationIsVisible = 0;
			defaultConfigurationName = Release;
		};
		8F8B3EC11E00593700D6A104 /* Build configuration list for PBXNativeTarget "pick_helper" */ = {
			isa = XCConfigurationList;
			buildConfigurations = (
				8F8B3EC21E00593700D6A104 /* Debug */,
				8F8B3EC31E00593700D6A104 /* Release */,
			);
			defaultConfigurationIsVisible = 0;
			defaultConfigurationName = Release;
		};
		8F8B3EC41E00593700D6A104 /* Build configuration list for PBXNativeTarget "pick_helperTests" */ = {
			isa = XCConfigurationList;
			buildConfigurations = (
				8F8B3EC51E00593700D6A104 /* Debug */,
				8F8B3EC61E00593700D6A104 /* Release */,
			);
			defaultConfigurationIsVisible = 0;
			defaultConfigurationName = Release;
		};
		8F8B3EC71E00593700D6A104 /* Build configuration list for PBXNativeTarget "pick_helperUITests" */ = {
			isa = XCConfigurationList;
			buildConfigurations = (
				8F8B3EC81E00593700D6A104 /* Debug */,
				8F8B3EC91E00593700D6A104 /* Release */,
			);
			defaultConfigurationIsVisible = 0;
			defaultConfigurationName = Release;
		};
/* End XCConfigurationList section */
	};
	rootObject = 8F8B3E8C1E00593700D6A104 /* Project object */;
}
