// !$*UTF8*$!
{
	archiveVersion = 1;
	classes = {
	};
	objectVersion = 46;
	objects = {

/* Begin PBXBuildFile section */
		1B58F0428FBD233946BFE5C6 /* libPods-pick_helper.a in Frameworks */ = {isa = PBXBuildFile; fileRef = 836F33F8321D1C1750564C35 /* libPods-pick_helper.a */; };
		8F8B3E991E00593700D6A104 /* main.m in Sources */ = {isa = PBXBuildFile; fileRef = 8F8B3E981E00593700D6A104 /* main.m */; };
		8F8B3E9C1E00593700D6A104 /* AppDelegate.m in Sources */ = {isa = PBXBuildFile; fileRef = 8F8B3E9B1E00593700D6A104 /* AppDelegate.m */; };
		8F8B3EA21E00593700D6A104 /* Main.storyboard in Resources */ = {isa = PBXBuildFile; fileRef = 8F8B3EA01E00593700D6A104 /* Main.storyboard */; };
		8F8B3EA41E00593700D6A104 /* Assets.xcassets in Resources */ = {isa = PBXBuildFile; fileRef = 8F8B3EA31E00593700D6A104 /* Assets.xcassets */; };
		8F8B3EA71E00593700D6A104 /* LaunchScreen.storyboard in Resources */ = {isa = PBXBuildFile; fileRef = 8F8B3EA51E00593700D6A104 /* LaunchScreen.storyboard */; };
		8F8B3EB21E00593700D6A104 /* pick_helperTests.m in Sources */ = {isa = PBXBuildFile; fileRef = 8F8B3EB11E00593700D6A104 /* pick_helperTests.m */; };
		8F8B3EBD1E00593700D6A104 /* pick_helperUITests.m in Sources */ = {isa = PBXBuildFile; fileRef = 8F8B3EBC1E00593700D6A104 /* pick_helperUITests.m */; };
/* End PBXBuildFile section */

/* Begin PBXContainerItemProxy section */
		8F8B3EAE1E00593700D6A104 /* PBXContainerItemProxy */ = {
			isa = PBXContainerItemProxy;
			containerPortal = 8F8B3E8C1E00593700D6A104 /* Project object */;
			proxyType = 1;
			remoteGlobalIDString = 8F8B3E931E00593700D6A104;
			remoteInfo = pick_helper;
		};
		8F8B3EB91E00593700D6A104 /* PBXContainerItemProxy */ = {
			isa = PBXContainerItemProxy;
			containerPortal = 8F8B3E8C1E00593700D6A104 /* Project object */;
			proxyType = 1;
			remoteGlobalIDString = 8F8B3E931E00593700D6A104;
			remoteInfo = pick_helper;
		};
/* End PBXContainerItemProxy section */

/* Begin PBXFileReference section */
		6EB3557241384EFA845014FC /* Pods-pick_helper.release.xcconfig */ = {isa = PBXFileReference; includeInIndex = 1; lastKnownFileType = text.xcconfig; name = "Pods-pick_helper.release.xcconfig"; path = "Pods/Target Support Files/Pods-pick_helper/Pods-pick_helper.release.xcconfig"; sourceTree = "<group>"; };
		836F33F8321D1C1750564C35 /* libPods-pick_helper.a */ = {isa = PBXFileReference; explicitFileType = archive.ar; includeInIndex = 0; path = "libPods-pick_helper.a"; sourceTree = BUILT_PRODUCTS_DIR; };
		8F8B3E941E00593700D6A104 /* pick_helper.app */ = {isa = PBXFileReference; explicitFileType = wrapper.application; includeInIndex = 0; path = pick_helper.app; sourceTree = BUILT_PRODUCTS_DIR; };
		8F8B3E981E00593700D6A104 /* main.m */ = {isa = PBXFileReference; lastKnownFileType = sourcecode.c.objc; path = main.m; sourceTree = "<group>"; };
		8F8B3E9A1E00593700D6A104 /* AppDelegate.h */ = {isa = PBXFileReference; lastKnownFileType = sourcecode.c.h; path = AppDelegate.h; sourceTree = "<group>"; };
		8F8B3E9B1E00593700D6A104 /* AppDelegate.m */ = {isa = PBXFileReference; lastKnownFileType = sourcecode.c.objc; path = AppDelegate.m; sourceTree = "<group>"; };
		8F8B3EA11E00593700D6A104 /* Base */ = {isa = PBXFileReference; lastKnownFileType = file.storyboard; name = Base; path = Base.lproj/Main.storyboard; sourceTree = "<group>"; };
		8F8B3EA31E00593700D6A104 /* Assets.xcassets */ = {isa = PBXFileReference; lastKnownFileType = folder.assetcatalog; path = Assets.xcassets; sourceTree = "<group>"; };
		8F8B3EA61E00593700D6A104 /* Base */ = {isa = PBXFileReference; lastKnownFileType = file.storyboard; name = Base; path = Base.lproj/LaunchScreen.storyboard; sourceTree = "<group>"; };
		8F8B3EA81E00593700D6A104 /* Info.plist */ = {isa = PBXFileReference; lastKnownFileType = text.plist.xml; path = Info.plist; sourceTree = "<group>"; };
		8F8B3EAD1E00593700D6A104 /* pick_helperTests.xctest */ = {isa = PBXFileReference; explicitFileType = wrapper.cfbundle; includeInIndex = 0; path = pick_helperTests.xctest; sourceTree = BUILT_PRODUCTS_DIR; };
		8F8B3EB11E00593700D6A104 /* pick_helperTests.m */ = {isa = PBXFileReference; lastKnownFileType = sourcecode.c.objc; path = pick_helperTests.m; sourceTree = "<group>"; };
		8F8B3EB31E00593700D6A104 /* Info.plist */ = {isa = PBXFileReference; lastKnownFileType = text.plist.xml; path = Info.plist; sourceTree = "<group>"; };
		8F8B3EB81E00593700D6A104 /* pick_helperUITests.xctest */ = {isa = PBXFileReference; explicitFileType = wrapper.cfbundle; includeInIndex = 0; path = pick_helperUITests.xctest; sourceTree = BUILT_PRODUCTS_DIR; };
		8F8B3EBC1E00593700D6A104 /* pick_helperUITests.m */ = {isa = PBXFileReference; lastKnownFileType = sourcecode.c.objc; path = pick_helperUITests.m; sourceTree = "<group>"; };
		8F8B3EBE1E00593700D6A104 /* Info.plist */ = {isa = PBXFileReference; lastKnownFileType = text.plist.xml; path = Info.plist; sourceTree = "<group>"; };
		913B3C5ADC0105B16A353EA4 /* Pods-pick_helper.debug.xcconfig */ = {isa = PBXFileReference; includeInIndex = 1; lastKnownFileType = text.xcconfig; name = "Pods-pick_helper.debug.xcconfig"; path = "Pods/Target Support Files/Pods-pick_helper/Pods-pick_helper.debug.xcconfig"; sourceTree = "<group>"; };
/* End PBXFileReference section */

/* Begin PBXFrameworksBuildPhase section */
		8F8B3E911E00593700D6A104 /* Frameworks */ = {
			isa = PBXFrameworksBuildPhase;
			buildActionMask = 2147483647;
			files = (
				1B58F0428FBD233946BFE5C6 /* libPods-pick_helper.a in Frameworks */,
			);
			runOnlyForDeploymentPostprocessing = 0;
		};
		8F8B3EAA1E00593700D6A104 /* Frameworks */ = {
			isa = PBXFrameworksBuildPhase;
			buildActionMask = 2147483647;
			files = (
			);
			runOnlyForDeploymentPostprocessing = 0;
		};
		8F8B3EB51E00593700D6A104 /* Frameworks */ = {
			isa = PBXFrameworksBuildPhase;
			buildActionMask = 2147483647;
			files = (
			);
			runOnlyForDeploymentPostprocessing = 0;
		};
/* End PBXFrameworksBuildPhase section */

/* Begin PBXGroup section */
		4B32FAD65B1046FD59EC4DA7 /* Frameworks */ = {
			isa = PBXGroup;
			children = (
				836F33F8321D1C1750564C35 /* libPods-pick_helper.a */,
			);
			name = Frameworks;
			sourceTree = "<group>";
		};
		8F8B3E8B1E00593700D6A104 = {
			isa = PBXGroup;
			children = (
				8F8B3E961E00593700D6A104 /* pick_helper */,
				8F8B3EB01E00593700D6A104 /* pick_helperTests */,
				8F8B3EBB1E00593700D6A104 /* pick_helperUITests */,
				8F8B3E951E00593700D6A104 /* Products */,
				D74DD00008B6970B639506CE /* Pods */,
				4B32FAD65B1046FD59EC4DA7 /* Frameworks */,
			);
			sourceTree = "<group>";
		};
		8F8B3E951E00593700D6A104 /* Products */ = {
			isa = PBXGroup;
			children = (
				8F8B3E941E00593700D6A104 /* pick_helper.app */,
				8F8B3EAD1E00593700D6A104 /* pick_helperTests.xctest */,
				8F8B3EB81E00593700D6A104 /* pick_helperUITests.xctest */,
			);
			name = Products;
			sourceTree = "<group>";
		};
		8F8B3E961E00593700D6A104 /* pick_helper */ = {
			isa = PBXGroup;
			children = (
				8F8B3ECA1E005CF800D6A104 /* Catagory */,
				8F8B3ECB1E005CF800D6A104 /* Define */,
				8F8B3ECC1E005CF800D6A104 /* Lib */,
				8F8B3ECD1E005CF800D6A104 /* Manager */,
				8F8B3ECE1E005CF800D6A104 /* Resource */,
				8F8B3ECF1E005CF800D6A104 /* Utilities */,
				8F8B3ED01E005CF800D6A104 /* ViewController */,
			);
			path = pick_helper;
			sourceTree = "<group>";
		};
		8F8B3E971E00593700D6A104 /* Supporting Files */ = {
			isa = PBXGroup;
			children = (
				8F8B3E9A1E00593700D6A104 /* AppDelegate.h */,
				8F8B3E9B1E00593700D6A104 /* AppDelegate.m */,
				8F8B3EA01E00593700D6A104 /* Main.storyboard */,
				8F8B3EA31E00593700D6A104 /* Assets.xcassets */,
				8F8B3EA51E00593700D6A104 /* LaunchScreen.storyboard */,
				8F8B3EA81E00593700D6A104 /* Info.plist */,
				8F8B3E981E00593700D6A104 /* main.m */,
			);
			name = "Supporting Files";
			path = ../pick_helper;
			sourceTree = "<group>";
		};
		8F8B3EB01E00593700D6A104 /* pick_helperTests */ = {
			isa = PBXGroup;
			children = (
				8F8B3E971E00593700D6A104 /* Supporting Files */,
				8F8B3EB11E00593700D6A104 /* pick_helperTests.m */,
				8F8B3EB31E00593700D6A104 /* Info.plist */,
			);
			path = pick_helperTests;
			sourceTree = "<group>";
		};
		8F8B3EBB1E00593700D6A104 /* pick_helperUITests */ = {
			isa = PBXGroup;
			children = (
				8F8B3EBC1E00593700D6A104 /* pick_helperUITests.m */,
				8F8B3EBE1E00593700D6A104 /* Info.plist */,
			);
			path = pick_helperUITests;
			sourceTree = "<group>";
		};
		8F8B3ECA1E005CF800D6A104 /* Catagory */ = {
			isa = PBXGroup;
			children = (
			);
			path = Catagory;
			sourceTree = "<group>";
		};
		8F8B3ECB1E005CF800D6A104 /* Define */ = {
			isa = PBXGroup;
			children = (
			);
			path = Define;
			sourceTree = "<group>";
		};
		8F8B3ECC1E005CF800D6A104 /* Lib */ = {
			isa = PBXGroup;
			children = (
			);
			path = Lib;
			sourceTree = "<group>";
		};
		8F8B3ECD1E005CF800D6A104 /* Manager */ = {
			isa = PBXGroup;
			children = (
			);
			path = Manager;
			sourceTree = "<group>";
		};
		8F8B3ECE1E005CF800D6A104 /* Resource */ = {
			isa = PBXGroup;
			children = (
			);
			path = Resource;
			sourceTree = "<group>";
		};
		8F8B3ECF1E005CF800D6A104 /* Utilities */ = {
			isa = PBXGroup;
			children = (
			);
			path = Utilities;
			sourceTree = "<group>";
		};
		8F8B3ED01E005CF800D6A104 /* ViewController */ = {
			isa = PBXGroup;
			children = (
			);
			path = ViewController;
			sourceTree = "<group>";
		};
		D74DD00008B6970B639506CE /* Pods */ = {
			isa = PBXGroup;
			children = (
				913B3C5ADC0105B16A353EA4 /* Pods-pick_helper.debug.xcconfig */,
				6EB3557241384EFA845014FC /* Pods-pick_helper.release.xcconfig */,
			);
			name = Pods;
			sourceTree = "<group>";
		};
/* End PBXGroup section */

/* Begin PBXNativeTarget section */
		8F8B3E931E00593700D6A104 /* pick_helper */ = {
			isa = PBXNativeTarget;
			buildConfigurationList = 8F8B3EC11E00593700D6A104 /* Build configuration list for PBXNativeTarget "pick_helper" */;
			buildPhases = (
				87B7012B67E9643FDD5FEF85 /* [CP] Check Pods Manifest.lock */,
				8F8B3E901E00593700D6A104 /* Sources */,
				8F8B3E911E00593700D6A104 /* Frameworks */,
				8F8B3E921E00593700D6A104 /* Resources */,
				A2C132A1D6D448CDF233B605 /* [CP] Embed Pods Frameworks */,
				28251AB0AD602199440B535A /* [CP] Copy Pods Resources */,
			);
			buildRules = (
			);
			dependencies = (
			);
			name = pick_helper;
			productName = pick_helper;
			productReference = 8F8B3E941E00593700D6A104 /* pick_helper.app */;
			productType = "com.apple.product-type.application";
		};
		8F8B3EAC1E00593700D6A104 /* pick_helperTests */ = {
			isa = PBXNativeTarget;
			buildConfigurationList = 8F8B3EC41E00593700D6A104 /* Build configuration list for PBXNativeTarget "pick_helperTests" */;
			buildPhases = (
				8F8B3EA91E00593700D6A104 /* Sources */,
				8F8B3EAA1E00593700D6A104 /* Frameworks */,
				8F8B3EAB1E00593700D6A104 /* Resources */,
			);
			buildRules = (
			);
			dependencies = (
				8F8B3EAF1E00593700D6A104 /* PBXTargetDependency */,
			);
			name = pick_helperTests;
			productName = pick_helperTests;
			productReference = 8F8B3EAD1E00593700D6A104 /* pick_helperTests.xctest */;
			productType = "com.apple.product-type.bundle.unit-test";
		};
		8F8B3EB71E00593700D6A104 /* pick_helperUITests */ = {
			isa = PBXNativeTarget;
			buildConfigurationList = 8F8B3EC71E00593700D6A104 /* Build configuration list for PBXNativeTarget "pick_helperUITests" */;
			buildPhases = (
				8F8B3EB41E00593700D6A104 /* Sources */,
				8F8B3EB51E00593700D6A104 /* Frameworks */,
				8F8B3EB61E00593700D6A104 /* Resources */,
			);
			buildRules = (
			);
			dependencies = (
				8F8B3EBA1E00593700D6A104 /* PBXTargetDependency */,
			);
			name = pick_helperUITests;
			productName = pick_helperUITests;
			productReference = 8F8B3EB81E00593700D6A104 /* pick_helperUITests.xctest */;
			productType = "com.apple.product-type.bundle.ui-testing";
		};
/* End PBXNativeTarget section */

/* Begin PBXProject section */
		8F8B3E8C1E00593700D6A104 /* Project object */ = {
			isa = PBXProject;
			attributes = {
				LastUpgradeCheck = 0710;
				ORGANIZATIONNAME = "杨力";
				TargetAttributes = {
					8F8B3E931E00593700D6A104 = {
						CreatedOnToolsVersion = 7.1;
					};
					8F8B3EAC1E00593700D6A104 = {
						CreatedOnToolsVersion = 7.1;
						TestTargetID = 8F8B3E931E00593700D6A104;
					};
					8F8B3EB71E00593700D6A104 = {
						CreatedOnToolsVersion = 7.1;
						TestTargetID = 8F8B3E931E00593700D6A104;
					};
				};
			};
			buildConfigurationList = 8F8B3E8F1E00593700D6A104 /* Build configuration list for PBXProject "pick_helper" */;
			compatibilityVersion = "Xcode 3.2";
			developmentRegion = English;
			hasScannedForEncodings = 0;
			knownRegions = (
				en,
				Base,
			);
			mainGroup = 8F8B3E8B1E00593700D6A104;
			productRefGroup = 8F8B3E951E00593700D6A104 /* Products */;
			projectDirPath = "";
			projectRoot = "";
			targets = (
				8F8B3E931E00593700D6A104 /* pick_helper */,
				8F8B3EAC1E00593700D6A104 /* pick_helperTests */,
				8F8B3EB71E00593700D6A104 /* pick_helperUITests */,
			);
		};
/* End PBXProject section */

/* Begin PBXResourcesBuildPhase section */
		8F8B3E921E00593700D6A104 /* Resources */ = {
			isa = PBXResourcesBuildPhase;
			buildActionMask = 2147483647;
			files = (
				8F8B3EA71E00593700D6A104 /* LaunchScreen.storyboard in Resources */,
				8F8B3EA41E00593700D6A104 /* Assets.xcassets in Resources */,
				8F8B3EA21E00593700D6A104 /* Main.storyboard in Resources */,
			);
			runOnlyForDeploymentPostprocessing = 0;
		};
		8F8B3EAB1E00593700D6A104 /* Resources */ = {
			isa = PBXResourcesBuildPhase;
			buildActionMask = 2147483647;
			files = (
			);
			runOnlyForDeploymentPostprocessing = 0;
		};
		8F8B3EB61E00593700D6A104 /* Resources */ = {
			isa = PBXResourcesBuildPhase;
			buildActionMask = 2147483647;
			files = (
			);
			runOnlyForDeploymentPostprocessing = 0;
		};
/* End PBXResourcesBuildPhase section */

/* Begin PBXShellScriptBuildPhase section */
		28251AB0AD602199440B535A /* [CP] Copy Pods Resources */ = {
			isa = PBXShellScriptBuildPhase;
			buildActionMask = 2147483647;
			files = (
			);
			inputPaths = (
			);
			name = "[CP] Copy Pods Resources";
			outputPaths = (
			);
			runOnlyForDeploymentPostprocessing = 0;
			shellPath = /bin/sh;
			shellScript = "\"${SRCROOT}/Pods/Target Support Files/Pods-pick_helper/Pods-pick_helper-resources.sh\"\n";
			showEnvVarsInLog = 0;
		};
		87B7012B67E9643FDD5FEF85 /* [CP] Check Pods Manifest.lock */ = {
			isa = PBXShellScriptBuildPhase;
			buildActionMask = 2147483647;
			files = (
			);
			inputPaths = (
			);
			name = "[CP] Check Pods Manifest.lock";
			outputPaths = (
			);
			runOnlyForDeploymentPostprocessing = 0;
			shellPath = /bin/sh;
			shellScript = "diff \"${PODS_ROOT}/../Podfile.lock\" \"${PODS_ROOT}/Manifest.lock\" > /dev/null\nif [ $? != 0 ] ; then\n    # print error to STDERR\n    echo \"error: The sandbox is not in sync with the Podfile.lock. Run 'pod install' or update your CocoaPods installation.\" >&2\n    exit 1\nfi\n";
			showEnvVarsInLog = 0;
		};
		A2C132A1D6D448CDF233B605 /* [CP] Embed Pods Frameworks */ = {
			isa = PBXShellScriptBuildPhase;
			buildActionMask = 2147483647;
			files = (
			);
			inputPaths = (
			);
			name = "[CP] Embed Pods Frameworks";
			outputPaths = (
			);
			runOnlyForDeploymentPostprocessing = 0;
			shellPath = /bin/sh;
			shellScript = "\"${SRCROOT}/Pods/Target Support Files/Pods-pick_helper/Pods-pick_helper-frameworks.sh\"\n";
			showEnvVarsInLog = 0;
		};
/* End PBXShellScriptBuildPhase section */

/* Begin PBXSourcesBuildPhase section */
		8F8B3E901E00593700D6A104 /* Sources */ = {
			isa = PBXSourcesBuildPhase;
			buildActionMask = 2147483647;
			files = (
				8F8B3E9C1E00593700D6A104 /* AppDelegate.m in Sources */,
				8F8B3E991E00593700D6A104 /* main.m in Sources */,
			);
			runOnlyForDeploymentPostprocessing = 0;
		};
		8F8B3EA91E00593700D6A104 /* Sources */ = {
			isa = PBXSourcesBuildPhase;
			buildActionMask = 2147483647;
			files = (
				8F8B3EB21E00593700D6A104 /* pick_helperTests.m in Sources */,
			);
			runOnlyForDeploymentPostprocessing = 0;
		};
		8F8B3EB41E00593700D6A104 /* Sources */ = {
			isa = PBXSourcesBuildPhase;
			buildActionMask = 2147483647;
			files = (
				8F8B3EBD1E00593700D6A104 /* pick_helperUITests.m in Sources */,
			);
			runOnlyForDeploymentPostprocessing = 0;
		};
/* End PBXSourcesBuildPhase section */

/* Begin PBXTargetDependency section */
		8F8B3EAF1E00593700D6A104 /* PBXTargetDependency */ = {
			isa = PBXTargetDependency;
			target = 8F8B3E931E00593700D6A104 /* pick_helper */;
			targetProxy = 8F8B3EAE1E00593700D6A104 /* PBXContainerItemProxy */;
		};
		8F8B3EBA1E00593700D6A104 /* PBXTargetDependency */ = {
			isa = PBXTargetDependency;
			target = 8F8B3E931E00593700D6A104 /* pick_helper */;
			targetProxy = 8F8B3EB91E00593700D6A104 /* PBXContainerItemProxy */;
		};
/* End PBXTargetDependency section */

/* Begin PBXVariantGroup section */
		8F8B3EA01E00593700D6A104 /* Main.storyboard */ = {
			isa = PBXVariantGroup;
			children = (
				8F8B3EA11E00593700D6A104 /* Base */,
			);
			name = Main.storyboard;
			sourceTree = "<group>";
		};
		8F8B3EA51E00593700D6A104 /* LaunchScreen.storyboard */ = {
			isa = PBXVariantGroup;
			children = (
				8F8B3EA61E00593700D6A104 /* Base */,
			);
			name = LaunchScreen.storyboard;
			sourceTree = "<group>";
		};
/* End PBXVariantGroup section */

/* Begin XCBuildConfiguration section */
		8F8B3EBF1E00593700D6A104 /* Debug */ = {
			isa = XCBuildConfiguration;
			buildSettings = {
				ALWAYS_SEARCH_USER_PATHS = NO;
				CLANG_CXX_LANGUAGE_STANDARD = "gnu++0x";
				CLANG_CXX_LIBRARY = "libc++";
				CLANG_ENABLE_MODULES = YES;
				CLANG_ENABLE_OBJC_ARC = YES;
				CLANG_WARN_BOOL_CONVERSION = YES;
				CLANG_WARN_CONSTANT_CONVERSION = YES;
				CLANG_WARN_DIRECT_OBJC_ISA_USAGE = YES_ERROR;
				CLANG_WARN_EMPTY_BODY = YES;
				CLANG_WARN_ENUM_CONVERSION = YES;
				CLANG_WARN_INT_CONVERSION = YES;
				CLANG_WARN_OBJC_ROOT_CLASS = YES_ERROR;
				CLANG_WARN_UNREACHABLE_CODE = YES;
				CLANG_WARN__DUPLICATE_METHOD_MATCH = YES;
				"CODE_SIGN_IDENTITY[sdk=iphoneos*]" = "iPhone Developer";
				COPY_PHASE_STRIP = NO;
				DEBUG_INFORMATION_FORMAT = dwarf;
				ENABLE_STRICT_OBJC_MSGSEND = YES;
				ENABLE_TESTABILITY = YES;
				GCC_C_LANGUAGE_STANDARD = gnu99;
				GCC_DYNAMIC_NO_PIC = NO;
				GCC_NO_COMMON_BLOCKS = YES;
				GCC_OPTIMIZATION_LEVEL = 0;
				GCC_PREPROCESSOR_DEFINITIONS = (
					"DEBUG=1",
					"$(inherited)",
				);
				GCC_WARN_64_TO_32_BIT_CONVERSION = YES;
				GCC_WARN_ABOUT_RETURN_TYPE = YES_ERROR;
				GCC_WARN_UNDECLARED_SELECTOR = YES;
				GCC_WARN_UNINITIALIZED_AUTOS = YES_AGGRESSIVE;
				GCC_WARN_UNUSED_FUNCTION = YES;
				GCC_WARN_UNUSED_VARIABLE = YES;
				IPHONEOS_DEPLOYMENT_TARGET = 9.1;
				MTL_ENABLE_DEBUG_INFO = YES;
				ONLY_ACTIVE_ARCH = YES;
				SDKROOT = iphoneos;
				TARGETED_DEVICE_FAMILY = "1,2";
			};
			name = Debug;
		};
		8F8B3EC01E00593700D6A104 /* Release */ = {
			isa = XCBuildConfiguration;
			buildSettings = {
				ALWAYS_SEARCH_USER_PATHS = NO;
				CLANG_CXX_LANGUAGE_STANDARD = "gnu++0x";
				CLANG_CXX_LIBRARY = "libc++";
				CLANG_ENABLE_MODULES = YES;
				CLANG_ENABLE_OBJC_ARC = YES;
				CLANG_WARN_BOOL_CONVERSION = YES;
				CLANG_WARN_CONSTANT_CONVERSION = YES;
				CLANG_WARN_DIRECT_OBJC_ISA_USAGE = YES_ERROR;
				CLANG_WARN_EMPTY_BODY = YES;
				CLANG_WARN_ENUM_CONVERSION = YES;
				CLANG_WARN_INT_CONVERSION = YES;
				CLANG_WARN_OBJC_ROOT_CLASS = YES_ERROR;
				CLANG_WARN_UNREACHABLE_CODE = YES;
				CLANG_WARN__DUPLICATE_METHOD_MATCH = YES;
				"CODE_SIGN_IDENTITY[sdk=iphoneos*]" = "iPhone Developer";
				COPY_PHASE_STRIP = NO;
				DEBUG_INFORMATION_FORMAT = "dwarf-with-dsym";
				ENABLE_NS_ASSERTIONS = NO;
				ENABLE_STRICT_OBJC_MSGSEND = YES;
				GCC_C_LANGUAGE_STANDARD = gnu99;
				GCC_NO_COMMON_BLOCKS = YES;
				GCC_WARN_64_TO_32_BIT_CONVERSION = YES;
				GCC_WARN_ABOUT_RETURN_TYPE = YES_ERROR;
				GCC_WARN_UNDECLARED_SELECTOR = YES;
				GCC_WARN_UNINITIALIZED_AUTOS = YES_AGGRESSIVE;
				GCC_WARN_UNUSED_FUNCTION = YES;
				GCC_WARN_UNUSED_VARIABLE = YES;
				IPHONEOS_DEPLOYMENT_TARGET = 9.1;
				MTL_ENABLE_DEBUG_INFO = NO;
				SDKROOT = iphoneos;
				TARGETED_DEVICE_FAMILY = "1,2";
				VALIDATE_PRODUCT = YES;
			};
			name = Release;
		};
		8F8B3EC21E00593700D6A104 /* Debug */ = {
			isa = XCBuildConfiguration;
			baseConfigurationReference = 913B3C5ADC0105B16A353EA4 /* Pods-pick_helper.debug.xcconfig */;
			buildSettings = {
				ASSETCATALOG_COMPILER_APPICON_NAME = AppIcon;
				INFOPLIST_FILE = pick_helper/Info.plist;
				LD_RUNPATH_SEARCH_PATHS = "$(inherited) @executable_path/Frameworks";
				PRODUCT_BUNDLE_IDENTIFIER = "www.batar.cn.pick-helper";
				PRODUCT_NAME = "$(TARGET_NAME)";
			};
			name = Debug;
		};
		8F8B3EC31E00593700D6A104 /* Release */ = {
			isa = XCBuildConfiguration;
			baseConfigurationReference = 6EB3557241384EFA845014FC /* Pods-pick_helper.release.xcconfig */;
			buildSettings = {
				ASSETCATALOG_COMPILER_APPICON_NAME = AppIcon;
				INFOPLIST_FILE = pick_helper/Info.plist;
				LD_RUNPATH_SEARCH_PATHS = "$(inherited) @executable_path/Frameworks";
				PRODUCT_BUNDLE_IDENTIFIER = "www.batar.cn.pick-helper";
				PRODUCT_NAME = "$(TARGET_NAME)";
			};
			name = Release;
		};
		8F8B3EC51E00593700D6A104 /* Debug */ = {
			isa = XCBuildConfiguration;
			buildSettings = {
				BUNDLE_LOADER = "$(TEST_HOST)";
				INFOPLIST_FILE = pick_helperTests/Info.plist;
				LD_RUNPATH_SEARCH_PATHS = "$(inherited) @executable_path/Frameworks @loader_path/Frameworks";
				PRODUCT_BUNDLE_IDENTIFIER = "www.batar.cn.pick-helperTests";
				PRODUCT_NAME = "$(TARGET_NAME)";
				TEST_HOST = "$(BUILT_PRODUCTS_DIR)/pick_helper.app/pick_helper";
			};
			name = Debug;
		};
		8F8B3EC61E00593700D6A104 /* Release */ = {
			isa = XCBuildConfiguration;
			buildSettings = {
				BUNDLE_LOADER = "$(TEST_HOST)";
				INFOPLIST_FILE = pick_helperTests/Info.plist;
				LD_RUNPATH_SEARCH_PATHS = "$(inherited) @executable_path/Frameworks @loader_path/Frameworks";
				PRODUCT_BUNDLE_IDENTIFIER = "www.batar.cn.pick-helperTests";
				PRODUCT_NAME = "$(TARGET_NAME)";
				TEST_HOST = "$(BUILT_PRODUCTS_DIR)/pick_helper.app/pick_helper";
			};
			name = Release;
		};
		8F8B3EC81E00593700D6A104 /* Debug */ = {
			isa = XCBuildConfiguration;
			buildSettings = {
				INFOPLIST_FILE = pick_helperUITests/Info.plist;
				LD_RUNPATH_SEARCH_PATHS = "$(inherited) @executable_path/Frameworks @loader_path/Frameworks";
				PRODUCT_BUNDLE_IDENTIFIER = "www.batar.cn.pick-helperUITests";
				PRODUCT_NAME = "$(TARGET_NAME)";
				TEST_TARGET_NAME = pick_helper;
				USES_XCTRUNNER = YES;
			};
			name = Debug;
		};
		8F8B3EC91E00593700D6A104 /* Release */ = {
			isa = XCBuildConfiguration;
			buildSettings = {
				INFOPLIST_FILE = pick_helperUITests/Info.plist;
				LD_RUNPATH_SEARCH_PATHS = "$(inherited) @executable_path/Frameworks @loader_path/Frameworks";
				PRODUCT_BUNDLE_IDENTIFIER = "www.batar.cn.pick-helperUITests";
				PRODUCT_NAME = "$(TARGET_NAME)";
				TEST_TARGET_NAME = pick_helper;
				USES_XCTRUNNER = YES;
			};
			name = Release;
		};
/* End XCBuildConfiguration section */

/* Begin XCConfigurationList section */
		8F8B3E8F1E00593700D6A104 /* Build configuration list for PBXProject "pick_helper" */ = {
			isa = XCConfigurationList;
			buildConfigurations = (
				8F8B3EBF1E00593700D6A104 /* Debug */,
				8F8B3EC01E00593700D6A104 /* Release */,
			);
			defaultConfigurationIsVisible = 0;
			defaultConfigurationName = Release;
		};
		8F8B3EC11E00593700D6A104 /* Build configuration list for PBXNativeTarget "pick_helper" */ = {
			isa = XCConfigurationList;
			buildConfigurations = (
				8F8B3EC21E00593700D6A104 /* Debug */,
				8F8B3EC31E00593700D6A104 /* Release */,
			);
			defaultConfigurationIsVisible = 0;
			defaultConfigurationName = Release;
		};
		8F8B3EC41E00593700D6A104 /* Build configuration list for PBXNativeTarget "pick_helperTests" */ = {
			isa = XCConfigurationList;
			buildConfigurations = (
				8F8B3EC51E00593700D6A104 /* Debug */,
				8F8B3EC61E00593700D6A104 /* Release */,
			);
			defaultConfigurationIsVisible = 0;
			defaultConfigurationName = Release;
		};
		8F8B3EC71E00593700D6A104 /* Build configuration list for PBXNativeTarget "pick_helperUITests" */ = {
			isa = XCConfigurationList;
			buildConfigurations = (
				8F8B3EC81E00593700D6A104 /* Debug */,
				8F8B3EC91E00593700D6A104 /* Release */,
			);
			defaultConfigurationIsVisible = 0;
			defaultConfigurationName = Release;
		};
/* End XCConfigurationList section */
	};
	rootObject = 8F8B3E8C1E00593700D6A104 /* Project object */;
}
